
Microsoft Visual Studio Solution File, Format Version 9.00
# Visual Studio 2005
Project("{2150E333-8FDC-42A3-9474-1A3956D46DE8}") = "CardImport", "CardImport", "{D2810287-BD93-4EEA-87B2-07167F817780}"
	ProjectSection(WebsiteProperties) = preProject
		Debug.AspNetCompiler.Debug = "True"
		Release.AspNetCompiler.Debug = "False"
	EndProjectSection
EndProject
Project("{2150E333-8FDC-42A3-9474-1A3956D46DE8}") = "CommonModel", "CommonModel", "{A23B9947-A20F-4926-9709-7A8C9A6BD2CA}"
	ProjectSection(WebsiteProperties) = preProject
		Debug.AspNetCompiler.Debug = "True"
		Release.AspNetCompiler.Debug = "False"
	EndProjectSection
EndProject
Project("{2150E333-8FDC-42A3-9474-1A3956D46DE8}") = "Framework", "Framework", "{80F7713B-A5A4-4995-A119-4FAA06DDEED9}"
	ProjectSection(WebsiteProperties) = preProject
		Debug.AspNetCompiler.Debug = "True"
		Release.AspNetCompiler.Debug = "False"
	EndProjectSection
EndProject
Project("{FAE04EC0-301F-11D3-BF4B-00C04F79EFBC}") = "Entity", "..\..\CommonModel\Entity\Entity.csproj", "{E2D629A1-9848-43D9-BF7E-3A18A31CC7A4}"
	ProjectSection(WebsiteProperties) = preProject
		Debug.AspNetCompiler.Debug = "True"
		Release.AspNetCompiler.Debug = "False"
	EndProjectSection
EndProject
Project("{FAE04EC0-301F-11D3-BF4B-00C04F79EFBC}") = "BusinessRules", "..\..\CommonModel\BusinessRules\BusinessRules.csproj", "{1A02033E-F12E-46BB-8AE2-25FE5781260E}"
	ProjectSection(WebsiteProperties) = preProject
		Debug.AspNetCompiler.Debug = "True"
		Release.AspNetCompiler.Debug = "False"
	EndProjectSection
EndProject
Project("{FAE04EC0-301F-11D3-BF4B-00C04F79EFBC}") = "BaseItem", "..\..\CommonModel\BaseItem\BaseItem.csproj", "{EE192BCC-4665-406D-BA88-76863B4B6853}"
	ProjectSection(WebsiteProperties) = preProject
		Debug.AspNetCompiler.Debug = "True"
		Release.AspNetCompiler.Debug = "False"
	EndProjectSection
EndProject
Project("{E24C65DC-7377-472B-9ABA-BC803B73C61A}") = "D:\...\WebPage\", "..\..\CommonModel\WebPage\", "{E1495242-5DE6-404C-BA5B-8526A6E169CF}"
	ProjectSection(WebsiteProperties) = preProject
		SccProjectName = ""
		SccAuxPath = ""
		SccLocalPath = ""
		SccProvider = ""
		ProjectReferences = "{1A02033E-F12E-46BB-8AE2-25FE5781260E}|CSIPCommonModel.BusinessRules.dll;{671EB07B-A4FD-4E6D-AE5C-D185BEB526FB}|Framework.WebControls.dll;"
		Debug.AspNetCompiler.VirtualPath = "/WebPage"
		Debug.AspNetCompiler.PhysicalPath = "E:\CS09\2-Source\2-Develop Code\CSIP\CommonModel\WebPage\"
		Debug.AspNetCompiler.TargetPath = "PrecompiledWeb\WebPage\"
		Debug.AspNetCompiler.Updateable = "true"
		Debug.AspNetCompiler.ForceOverwrite = "true"
		Debug.AspNetCompiler.FixedNames = "false"
		Debug.AspNetCompiler.Debug = "True"
		Release.AspNetCompiler.VirtualPath = "/WebPage"
		Release.AspNetCompiler.PhysicalPath = "E:\CS09\2-Source\2-Develop Code\CSIP\CommonModel\WebPage\"
		Release.AspNetCompiler.TargetPath = "PrecompiledWeb\WebPage\"
		Release.AspNetCompiler.Updateable = "true"
		Release.AspNetCompiler.ForceOverwrite = "true"
		Release.AspNetCompiler.FixedNames = "false"
		Release.AspNetCompiler.Debug = "False"
		VWDPort = "8700"
		VWDDynamicPort = "false"
		VWDVirtualPath = "/"
	EndProjectSection
EndProject
Project("{FAE04EC0-301F-11D3-BF4B-00C04F79EFBC}") = "Framework.Common", "..\..\Framework\Framework.Common\Framework.Common.csproj", "{E4A10F71-A7D2-4F4C-ACF8-53E53D8169D5}"
	ProjectSection(WebsiteProperties) = preProject
		Debug.AspNetCompiler.Debug = "True"
		Release.AspNetCompiler.Debug = "False"
	EndProjectSection
EndProject
Project("{FAE04EC0-301F-11D3-BF4B-00C04F79EFBC}") = "Framework.Data.OM", "..\..\Framework\Framework.Data\OM\Framework.Data.OM.csproj", "{EFBB5F60-82AE-4C7F-A773-4E719EFDF037}"
	ProjectSection(WebsiteProperties) = preProject
		Debug.AspNetCompiler.Debug = "True"
		Release.AspNetCompiler.Debug = "False"
	EndProjectSection
EndProject
Project("{FAE04EC0-301F-11D3-BF4B-00C04F79EFBC}") = "Framework.WebControls", "..\..\Framework\Framework.Controls\WebControls\Framework.WebControls.csproj", "{671EB07B-A4FD-4E6D-AE5C-D185BEB526FB}"
	ProjectSection(WebsiteProperties) = preProject
		Debug.AspNetCompiler.Debug = "True"
		Release.AspNetCompiler.Debug = "False"
	EndProjectSection
EndProject
Project("{FAE04EC0-301F-11D3-BF4B-00C04F79EFBC}") = "BusinessRules", "..\BusinessRules\BusinessRules.csproj", "{95ECC0CF-D83C-47F3-9C22-F75BAE40E952}"
	ProjectSection(WebsiteProperties) = preProject
		Debug.AspNetCompiler.Debug = "True"
		Release.AspNetCompiler.Debug = "False"
	EndProjectSection
EndProject
Project("{FAE04EC0-301F-11D3-BF4B-00C04F79EFBC}") = "Entity", "..\Entity\Entity.csproj", "{4496BB14-5797-45F9-8798-8779BA859624}"
	ProjectSection(WebsiteProperties) = preProject
		Debug.AspNetCompiler.Debug = "True"
		Release.AspNetCompiler.Debug = "False"
	EndProjectSection
EndProject
Project("{E24C65DC-7377-472B-9ABA-BC803B73C61A}") = "D:\...\WebPage\", "..\WebPage\", "{71C2F369-4A07-46C6-864B-49237CE3F2E0}"
	ProjectSection(WebsiteProperties) = preProject
		SccProjectName = ""
		SccAuxPath = ""
		SccLocalPath = ""
		SccProvider = ""
		ProjectReferences = "{EE192BCC-4665-406D-BA88-76863B4B6853}|CSIPCommonModel.BaseItem.dll;{E2D629A1-9848-43D9-BF7E-3A18A31CC7A4}|CSIPCommonModel.EntityLayer.dll;{1A02033E-F12E-46BB-8AE2-25FE5781260E}|CSIPCommonModel.BusinessRules.dll;{95ECC0CF-D83C-47F3-9C22-F75BAE40E952}|BusinessRules.dll;{AB13EEB6-015A-48E0-A9BA-07F12E675467}|BusinessRulesNew.dll;"
		Debug.AspNetCompiler.VirtualPath = "/WebPage(1)"
		Debug.AspNetCompiler.PhysicalPath = "E:\CS09\2-Source\2-Develop Code\CSIP\CS09\WebPage\"
		Debug.AspNetCompiler.TargetPath = "PrecompiledWeb\WebPage(1)\"
		Debug.AspNetCompiler.Updateable = "true"
		Debug.AspNetCompiler.ForceOverwrite = "true"
		Debug.AspNetCompiler.FixedNames = "false"
		Debug.AspNetCompiler.Debug = "True"
		Release.AspNetCompiler.VirtualPath = "/WebPage(1)"
		Release.AspNetCompiler.PhysicalPath = "E:\CS09\2-Source\2-Develop Code\CSIP\CS09\WebPage\"
		Release.AspNetCompiler.TargetPath = "PrecompiledWeb\WebPage(1)\"
		Release.AspNetCompiler.Updateable = "true"
		Release.AspNetCompiler.ForceOverwrite = "true"
		Release.AspNetCompiler.FixedNames = "false"
		Release.AspNetCompiler.Debug = "False"
		VWDPort = "8706"
		VWDDynamicPort = "false"
		VWDVirtualPath = "/"
		DefaultWebSiteLanguage = "Visual C#"
	EndProjectSection
EndProject
Project("{F14B399A-7131-4C87-9E4B-1186C45EF12D}") = "CardImportReport", "..\CS09Report\CardImportReport.rptproj", "{8C54F61A-CA3C-4229-A0E8-7CA7EBDC876C}"
	ProjectSection(WebsiteProperties) = preProject
		Debug.AspNetCompiler.Debug = "True"
		Release.AspNetCompiler.Debug = "False"
	EndProjectSection
EndProject
Project("{FAE04EC0-301F-11D3-BF4B-00C04F79EFBC}") = "BusinessRulesNew", "..\BusinessRulesNew\BusinessRulesNew.csproj", "{AB13EEB6-015A-48E0-A9BA-07F12E675467}"
	ProjectSection(WebsiteProperties) = preProject
		Debug.AspNetCompiler.Debug = "True"
		Release.AspNetCompiler.Debug = "False"
	EndProjectSection
EndProject
Global
	GlobalSection(SolutionConfigurationPlatforms) = preSolution
		Debug|.NET = Debug|.NET
		Debug|Any CPU = Debug|Any CPU
		Debug|Mixed Platforms = Debug|Mixed Platforms
		DebugLocal|.NET = DebugLocal|.NET
		DebugLocal|Any CPU = DebugLocal|Any CPU
		DebugLocal|Mixed Platforms = DebugLocal|Mixed Platforms
		Production|.NET = Production|.NET
		Production|Any CPU = Production|Any CPU
		Production|Mixed Platforms = Production|Mixed Platforms
		Release|.NET = Release|.NET
		Release|Any CPU = Release|Any CPU
		Release|Mixed Platforms = Release|Mixed Platforms
	EndGlobalSection
	GlobalSection(ProjectConfigurationPlatforms) = postSolution
		{E2D629A1-9848-43D9-BF7E-3A18A31CC7A4}.Debug|.NET.ActiveCfg = Debug|Any CPU
		{E2D629A1-9848-43D9-BF7E-3A18A31CC7A4}.Debug|Any CPU.ActiveCfg = Debug|Any CPU
		{E2D629A1-9848-43D9-BF7E-3A18A31CC7A4}.Debug|Any CPU.Build.0 = Debug|Any CPU
		{E2D629A1-9848-43D9-BF7E-3A18A31CC7A4}.Debug|Mixed Platforms.ActiveCfg = Debug|Any CPU
		{E2D629A1-9848-43D9-BF7E-3A18A31CC7A4}.Debug|Mixed Platforms.Build.0 = Debug|Any CPU
		{E2D629A1-9848-43D9-BF7E-3A18A31CC7A4}.DebugLocal|.NET.ActiveCfg = Debug|Any CPU
		{E2D629A1-9848-43D9-BF7E-3A18A31CC7A4}.DebugLocal|Any CPU.ActiveCfg = Debug|Any CPU
		{E2D629A1-9848-43D9-BF7E-3A18A31CC7A4}.DebugLocal|Any CPU.Build.0 = Debug|Any CPU
		{E2D629A1-9848-43D9-BF7E-3A18A31CC7A4}.DebugLocal|Mixed Platforms.ActiveCfg = Debug|Any CPU
		{E2D629A1-9848-43D9-BF7E-3A18A31CC7A4}.DebugLocal|Mixed Platforms.Build.0 = Debug|Any CPU
		{E2D629A1-9848-43D9-BF7E-3A18A31CC7A4}.Production|.NET.ActiveCfg = Release|Any CPU
		{E2D629A1-9848-43D9-BF7E-3A18A31CC7A4}.Production|Any CPU.ActiveCfg = Release|Any CPU
		{E2D629A1-9848-43D9-BF7E-3A18A31CC7A4}.Production|Any CPU.Build.0 = Release|Any CPU
		{E2D629A1-9848-43D9-BF7E-3A18A31CC7A4}.Production|Mixed Platforms.ActiveCfg = Release|Any CPU
		{E2D629A1-9848-43D9-BF7E-3A18A31CC7A4}.Production|Mixed Platforms.Build.0 = Release|Any CPU
		{E2D629A1-9848-43D9-BF7E-3A18A31CC7A4}.Release|.NET.ActiveCfg = Release|Any CPU
		{E2D629A1-9848-43D9-BF7E-3A18A31CC7A4}.Release|Any CPU.ActiveCfg = Release|Any CPU
		{E2D629A1-9848-43D9-BF7E-3A18A31CC7A4}.Release|Any CPU.Build.0 = Release|Any CPU
		{E2D629A1-9848-43D9-BF7E-3A18A31CC7A4}.Release|Mixed Platforms.ActiveCfg = Release|Any CPU
		{E2D629A1-9848-43D9-BF7E-3A18A31CC7A4}.Release|Mixed Platforms.Build.0 = Release|Any CPU
		{1A02033E-F12E-46BB-8AE2-25FE5781260E}.Debug|.NET.ActiveCfg = Debug|Any CPU
		{1A02033E-F12E-46BB-8AE2-25FE5781260E}.Debug|Any CPU.ActiveCfg = Debug|Any CPU
		{1A02033E-F12E-46BB-8AE2-25FE5781260E}.Debug|Any CPU.Build.0 = Debug|Any CPU
		{1A02033E-F12E-46BB-8AE2-25FE5781260E}.Debug|Mixed Platforms.ActiveCfg = Debug|Any CPU
		{1A02033E-F12E-46BB-8AE2-25FE5781260E}.Debug|Mixed Platforms.Build.0 = Debug|Any CPU
		{1A02033E-F12E-46BB-8AE2-25FE5781260E}.DebugLocal|.NET.ActiveCfg = Debug|Any CPU
		{1A02033E-F12E-46BB-8AE2-25FE5781260E}.DebugLocal|Any CPU.ActiveCfg = Debug|Any CPU
		{1A02033E-F12E-46BB-8AE2-25FE5781260E}.DebugLocal|Any CPU.Build.0 = Debug|Any CPU
		{1A02033E-F12E-46BB-8AE2-25FE5781260E}.DebugLocal|Mixed Platforms.ActiveCfg = Debug|Any CPU
		{1A02033E-F12E-46BB-8AE2-25FE5781260E}.DebugLocal|Mixed Platforms.Build.0 = Debug|Any CPU
		{1A02033E-F12E-46BB-8AE2-25FE5781260E}.Production|.NET.ActiveCfg = Release|Any CPU
		{1A02033E-F12E-46BB-8AE2-25FE5781260E}.Production|Any CPU.ActiveCfg = Release|Any CPU
		{1A02033E-F12E-46BB-8AE2-25FE5781260E}.Production|Any CPU.Build.0 = Release|Any CPU
		{1A02033E-F12E-46BB-8AE2-25FE5781260E}.Production|Mixed Platforms.ActiveCfg = Release|Any CPU
		{1A02033E-F12E-46BB-8AE2-25FE5781260E}.Production|Mixed Platforms.Build.0 = Release|Any CPU
		{1A02033E-F12E-46BB-8AE2-25FE5781260E}.Release|.NET.ActiveCfg = Release|Any CPU
		{1A02033E-F12E-46BB-8AE2-25FE5781260E}.Release|Any CPU.ActiveCfg = Release|Any CPU
		{1A02033E-F12E-46BB-8AE2-25FE5781260E}.Release|Any CPU.Build.0 = Release|Any CPU
		{1A02033E-F12E-46BB-8AE2-25FE5781260E}.Release|Mixed Platforms.ActiveCfg = Release|Any CPU
		{1A02033E-F12E-46BB-8AE2-25FE5781260E}.Release|Mixed Platforms.Build.0 = Release|Any CPU
		{EE192BCC-4665-406D-BA88-76863B4B6853}.Debug|.NET.ActiveCfg = Debug|Any CPU
		{EE192BCC-4665-406D-BA88-76863B4B6853}.Debug|Any CPU.ActiveCfg = Debug|Any CPU
		{EE192BCC-4665-406D-BA88-76863B4B6853}.Debug|Any CPU.Build.0 = Debug|Any CPU
		{EE192BCC-4665-406D-BA88-76863B4B6853}.Debug|Mixed Platforms.ActiveCfg = Debug|Any CPU
		{EE192BCC-4665-406D-BA88-76863B4B6853}.Debug|Mixed Platforms.Build.0 = Debug|Any CPU
		{EE192BCC-4665-406D-BA88-76863B4B6853}.DebugLocal|.NET.ActiveCfg = Debug|Any CPU
		{EE192BCC-4665-406D-BA88-76863B4B6853}.DebugLocal|Any CPU.ActiveCfg = Debug|Any CPU
		{EE192BCC-4665-406D-BA88-76863B4B6853}.DebugLocal|Any CPU.Build.0 = Debug|Any CPU
		{EE192BCC-4665-406D-BA88-76863B4B6853}.DebugLocal|Mixed Platforms.ActiveCfg = Debug|Any CPU
		{EE192BCC-4665-406D-BA88-76863B4B6853}.DebugLocal|Mixed Platforms.Build.0 = Debug|Any CPU
		{EE192BCC-4665-406D-BA88-76863B4B6853}.Production|.NET.ActiveCfg = Release|Any CPU
		{EE192BCC-4665-406D-BA88-76863B4B6853}.Production|Any CPU.ActiveCfg = Release|Any CPU
		{EE192BCC-4665-406D-BA88-76863B4B6853}.Production|Any CPU.Build.0 = Release|Any CPU
		{EE192BCC-4665-406D-BA88-76863B4B6853}.Production|Mixed Platforms.ActiveCfg = Release|Any CPU
		{EE192BCC-4665-406D-BA88-76863B4B6853}.Production|Mixed Platforms.Build.0 = Release|Any CPU
		{EE192BCC-4665-406D-BA88-76863B4B6853}.Release|.NET.ActiveCfg = Release|Any CPU
		{EE192BCC-4665-406D-BA88-76863B4B6853}.Release|Any CPU.ActiveCfg = Release|Any CPU
		{EE192BCC-4665-406D-BA88-76863B4B6853}.Release|Any CPU.Build.0 = Release|Any CPU
		{EE192BCC-4665-406D-BA88-76863B4B6853}.Release|Mixed Platforms.ActiveCfg = Release|Any CPU
		{EE192BCC-4665-406D-BA88-76863B4B6853}.Release|Mixed Platforms.Build.0 = Release|Any CPU
		{E1495242-5DE6-404C-BA5B-8526A6E169CF}.Debug|.NET.ActiveCfg = Debug|.NET
		{E1495242-5DE6-404C-BA5B-8526A6E169CF}.Debug|.NET.Build.0 = Debug|.NET
		{E1495242-5DE6-404C-BA5B-8526A6E169CF}.Debug|Any CPU.ActiveCfg = Debug|.NET
		{E1495242-5DE6-404C-BA5B-8526A6E169CF}.Debug|Mixed Platforms.ActiveCfg = Debug|.NET
		{E1495242-5DE6-404C-BA5B-8526A6E169CF}.Debug|Mixed Platforms.Build.0 = Debug|.NET
		{E1495242-5DE6-404C-BA5B-8526A6E169CF}.DebugLocal|.NET.ActiveCfg = Debug|.NET
		{E1495242-5DE6-404C-BA5B-8526A6E169CF}.DebugLocal|.NET.Build.0 = Debug|.NET
		{E1495242-5DE6-404C-BA5B-8526A6E169CF}.DebugLocal|Any CPU.ActiveCfg = Debug|.NET
		{E1495242-5DE6-404C-BA5B-8526A6E169CF}.DebugLocal|Mixed Platforms.ActiveCfg = Debug|.NET
		{E1495242-5DE6-404C-BA5B-8526A6E169CF}.DebugLocal|Mixed Platforms.Build.0 = Debug|.NET
		{E1495242-5DE6-404C-BA5B-8526A6E169CF}.Production|.NET.ActiveCfg = Debug|.NET
		{E1495242-5DE6-404C-BA5B-8526A6E169CF}.Production|.NET.Build.0 = Debug|.NET
		{E1495242-5DE6-404C-BA5B-8526A6E169CF}.Production|Any CPU.ActiveCfg = Debug|.NET
		{E1495242-5DE6-404C-BA5B-8526A6E169CF}.Production|Mixed Platforms.ActiveCfg = Debug|.NET
		{E1495242-5DE6-404C-BA5B-8526A6E169CF}.Production|Mixed Platforms.Build.0 = Debug|.NET
		{E1495242-5DE6-404C-BA5B-8526A6E169CF}.Release|.NET.ActiveCfg = Debug|.NET
		{E1495242-5DE6-404C-BA5B-8526A6E169CF}.Release|.NET.Build.0 = Debug|.NET
		{E1495242-5DE6-404C-BA5B-8526A6E169CF}.Release|Any CPU.ActiveCfg = Debug|.NET
		{E1495242-5DE6-404C-BA5B-8526A6E169CF}.Release|Mixed Platforms.ActiveCfg = Debug|.NET
		{E1495242-5DE6-404C-BA5B-8526A6E169CF}.Release|Mixed Platforms.Build.0 = Debug|.NET
		{E4A10F71-A7D2-4F4C-ACF8-53E53D8169D5}.Debug|.NET.ActiveCfg = Debug|Any CPU
		{E4A10F71-A7D2-4F4C-ACF8-53E53D8169D5}.Debug|Any CPU.ActiveCfg = Debug|Any CPU
		{E4A10F71-A7D2-4F4C-ACF8-53E53D8169D5}.Debug|Any CPU.Build.0 = Debug|Any CPU
		{E4A10F71-A7D2-4F4C-ACF8-53E53D8169D5}.Debug|Mixed Platforms.ActiveCfg = Debug|Any CPU
		{E4A10F71-A7D2-4F4C-ACF8-53E53D8169D5}.Debug|Mixed Platforms.Build.0 = Debug|Any CPU
		{E4A10F71-A7D2-4F4C-ACF8-53E53D8169D5}.DebugLocal|.NET.ActiveCfg = Debug|Any CPU
		{E4A10F71-A7D2-4F4C-ACF8-53E53D8169D5}.DebugLocal|Any CPU.ActiveCfg = Debug|Any CPU
		{E4A10F71-A7D2-4F4C-ACF8-53E53D8169D5}.DebugLocal|Any CPU.Build.0 = Debug|Any CPU
		{E4A10F71-A7D2-4F4C-ACF8-53E53D8169D5}.DebugLocal|Mixed Platforms.ActiveCfg = Debug|Any CPU
		{E4A10F71-A7D2-4F4C-ACF8-53E53D8169D5}.DebugLocal|Mixed Platforms.Build.0 = Debug|Any CPU
		{E4A10F71-A7D2-4F4C-ACF8-53E53D8169D5}.Production|.NET.ActiveCfg = Release|Any CPU
		{E4A10F71-A7D2-4F4C-ACF8-53E53D8169D5}.Production|Any CPU.ActiveCfg = Release|Any CPU
		{E4A10F71-A7D2-4F4C-ACF8-53E53D8169D5}.Production|Any CPU.Build.0 = Release|Any CPU
		{E4A10F71-A7D2-4F4C-ACF8-53E53D8169D5}.Production|Mixed Platforms.ActiveCfg = Release|Any CPU
		{E4A10F71-A7D2-4F4C-ACF8-53E53D8169D5}.Production|Mixed Platforms.Build.0 = Release|Any CPU
		{E4A10F71-A7D2-4F4C-ACF8-53E53D8169D5}.Release|.NET.ActiveCfg = Release|Any CPU
		{E4A10F71-A7D2-4F4C-ACF8-53E53D8169D5}.Release|Any CPU.ActiveCfg = Release|Any CPU
		{E4A10F71-A7D2-4F4C-ACF8-53E53D8169D5}.Release|Any CPU.Build.0 = Release|Any CPU
		{E4A10F71-A7D2-4F4C-ACF8-53E53D8169D5}.Release|Mixed Platforms.ActiveCfg = Release|Any CPU
		{E4A10F71-A7D2-4F4C-ACF8-53E53D8169D5}.Release|Mixed Platforms.Build.0 = Release|Any CPU
		{EFBB5F60-82AE-4C7F-A773-4E719EFDF037}.Debug|.NET.ActiveCfg = Debug|Any CPU
		{EFBB5F60-82AE-4C7F-A773-4E719EFDF037}.Debug|Any CPU.ActiveCfg = Debug|Any CPU
		{EFBB5F60-82AE-4C7F-A773-4E719EFDF037}.Debug|Any CPU.Build.0 = Debug|Any CPU
		{EFBB5F60-82AE-4C7F-A773-4E719EFDF037}.Debug|Mixed Platforms.ActiveCfg = Debug|Any CPU
		{EFBB5F60-82AE-4C7F-A773-4E719EFDF037}.Debug|Mixed Platforms.Build.0 = Debug|Any CPU
		{EFBB5F60-82AE-4C7F-A773-4E719EFDF037}.DebugLocal|.NET.ActiveCfg = Debug|Any CPU
		{EFBB5F60-82AE-4C7F-A773-4E719EFDF037}.DebugLocal|Any CPU.ActiveCfg = Debug|Any CPU
		{EFBB5F60-82AE-4C7F-A773-4E719EFDF037}.DebugLocal|Any CPU.Build.0 = Debug|Any CPU
		{EFBB5F60-82AE-4C7F-A773-4E719EFDF037}.DebugLocal|Mixed Platforms.ActiveCfg = Debug|Any CPU
		{EFBB5F60-82AE-4C7F-A773-4E719EFDF037}.DebugLocal|Mixed Platforms.Build.0 = Debug|Any CPU
		{EFBB5F60-82AE-4C7F-A773-4E719EFDF037}.Production|.NET.ActiveCfg = Release|Any CPU
		{EFBB5F60-82AE-4C7F-A773-4E719EFDF037}.Production|Any CPU.ActiveCfg = Release|Any CPU
		{EFBB5F60-82AE-4C7F-A773-4E719EFDF037}.Production|Any CPU.Build.0 = Release|Any CPU
		{EFBB5F60-82AE-4C7F-A773-4E719EFDF037}.Production|Mixed Platforms.ActiveCfg = Release|Any CPU
		{EFBB5F60-82AE-4C7F-A773-4E719EFDF037}.Production|Mixed Platforms.Build.0 = Release|Any CPU
		{EFBB5F60-82AE-4C7F-A773-4E719EFDF037}.Release|.NET.ActiveCfg = Release|Any CPU
		{EFBB5F60-82AE-4C7F-A773-4E719EFDF037}.Release|Any CPU.ActiveCfg = Release|Any CPU
		{EFBB5F60-82AE-4C7F-A773-4E719EFDF037}.Release|Any CPU.Build.0 = Release|Any CPU
		{EFBB5F60-82AE-4C7F-A773-4E719EFDF037}.Release|Mixed Platforms.ActiveCfg = Release|Any CPU
		{EFBB5F60-82AE-4C7F-A773-4E719EFDF037}.Release|Mixed Platforms.Build.0 = Release|Any CPU
		{671EB07B-A4FD-4E6D-AE5C-D185BEB526FB}.Debug|.NET.ActiveCfg = Debug|Any CPU
		{671EB07B-A4FD-4E6D-AE5C-D185BEB526FB}.Debug|Any CPU.ActiveCfg = Debug|Any CPU
		{671EB07B-A4FD-4E6D-AE5C-D185BEB526FB}.Debug|Any CPU.Build.0 = Debug|Any CPU
		{671EB07B-A4FD-4E6D-AE5C-D185BEB526FB}.Debug|Mixed Platforms.ActiveCfg = Debug|Any CPU
		{671EB07B-A4FD-4E6D-AE5C-D185BEB526FB}.Debug|Mixed Platforms.Build.0 = Debug|Any CPU
		{671EB07B-A4FD-4E6D-AE5C-D185BEB526FB}.DebugLocal|.NET.ActiveCfg = Debug|Any CPU
		{671EB07B-A4FD-4E6D-AE5C-D185BEB526FB}.DebugLocal|Any CPU.ActiveCfg = Debug|Any CPU
		{671EB07B-A4FD-4E6D-AE5C-D185BEB526FB}.DebugLocal|Any CPU.Build.0 = Debug|Any CPU
		{671EB07B-A4FD-4E6D-AE5C-D185BEB526FB}.DebugLocal|Mixed Platforms.ActiveCfg = Debug|Any CPU
		{671EB07B-A4FD-4E6D-AE5C-D185BEB526FB}.DebugLocal|Mixed Platforms.Build.0 = Debug|Any CPU
		{671EB07B-A4FD-4E6D-AE5C-D185BEB526FB}.Production|.NET.ActiveCfg = Release|Any CPU
		{671EB07B-A4FD-4E6D-AE5C-D185BEB526FB}.Production|Any CPU.ActiveCfg = Release|Any CPU
		{671EB07B-A4FD-4E6D-AE5C-D185BEB526FB}.Production|Any CPU.Build.0 = Release|Any CPU
		{671EB07B-A4FD-4E6D-AE5C-D185BEB526FB}.Production|Mixed Platforms.ActiveCfg = Release|Any CPU
		{671EB07B-A4FD-4E6D-AE5C-D185BEB526FB}.Production|Mixed Platforms.Build.0 = Release|Any CPU
		{671EB07B-A4FD-4E6D-AE5C-D185BEB526FB}.Release|.NET.ActiveCfg = Release|Any CPU
		{671EB07B-A4FD-4E6D-AE5C-D185BEB526FB}.Release|Any CPU.ActiveCfg = Release|Any CPU
		{671EB07B-A4FD-4E6D-AE5C-D185BEB526FB}.Release|Any CPU.Build.0 = Release|Any CPU
		{671EB07B-A4FD-4E6D-AE5C-D185BEB526FB}.Release|Mixed Platforms.ActiveCfg = Release|Any CPU
		{671EB07B-A4FD-4E6D-AE5C-D185BEB526FB}.Release|Mixed Platforms.Build.0 = Release|Any CPU
		{95ECC0CF-D83C-47F3-9C22-F75BAE40E952}.Debug|.NET.ActiveCfg = Debug|Any CPU
		{95ECC0CF-D83C-47F3-9C22-F75BAE40E952}.Debug|Any CPU.ActiveCfg = Debug|Any CPU
		{95ECC0CF-D83C-47F3-9C22-F75BAE40E952}.Debug|Any CPU.Build.0 = Debug|Any CPU
		{95ECC0CF-D83C-47F3-9C22-F75BAE40E952}.Debug|Mixed Platforms.ActiveCfg = Debug|Any CPU
		{95ECC0CF-D83C-47F3-9C22-F75BAE40E952}.Debug|Mixed Platforms.Build.0 = Debug|Any CPU
		{95ECC0CF-D83C-47F3-9C22-F75BAE40E952}.DebugLocal|.NET.ActiveCfg = Debug|Any CPU
		{95ECC0CF-D83C-47F3-9C22-F75BAE40E952}.DebugLocal|Any CPU.ActiveCfg = Debug|Any CPU
		{95ECC0CF-D83C-47F3-9C22-F75BAE40E952}.DebugLocal|Any CPU.Build.0 = Debug|Any CPU
		{95ECC0CF-D83C-47F3-9C22-F75BAE40E952}.DebugLocal|Mixed Platforms.ActiveCfg = Debug|Any CPU
		{95ECC0CF-D83C-47F3-9C22-F75BAE40E952}.DebugLocal|Mixed Platforms.Build.0 = Debug|Any CPU
		{95ECC0CF-D83C-47F3-9C22-F75BAE40E952}.Production|.NET.ActiveCfg = Release|Any CPU
		{95ECC0CF-D83C-47F3-9C22-F75BAE40E952}.Production|Any CPU.ActiveCfg = Release|Any CPU
		{95ECC0CF-D83C-47F3-9C22-F75BAE40E952}.Production|Any CPU.Build.0 = Release|Any CPU
		{95ECC0CF-D83C-47F3-9C22-F75BAE40E952}.Production|Mixed Platforms.ActiveCfg = Release|Any CPU
		{95ECC0CF-D83C-47F3-9C22-F75BAE40E952}.Production|Mixed Platforms.Build.0 = Release|Any CPU
		{95ECC0CF-D83C-47F3-9C22-F75BAE40E952}.Release|.NET.ActiveCfg = Release|Any CPU
		{95ECC0CF-D83C-47F3-9C22-F75BAE40E952}.Release|Any CPU.ActiveCfg = Release|Any CPU
		{95ECC0CF-D83C-47F3-9C22-F75BAE40E952}.Release|Any CPU.Build.0 = Release|Any CPU
		{95ECC0CF-D83C-47F3-9C22-F75BAE40E952}.Release|Mixed Platforms.ActiveCfg = Release|Any CPU
		{95ECC0CF-D83C-47F3-9C22-F75BAE40E952}.Release|Mixed Platforms.Build.0 = Release|Any CPU
		{4496BB14-5797-45F9-8798-8779BA859624}.Debug|.NET.ActiveCfg = Debug|Any CPU
		{4496BB14-5797-45F9-8798-8779BA859624}.Debug|Any CPU.ActiveCfg = Debug|Any CPU
		{4496BB14-5797-45F9-8798-8779BA859624}.Debug|Any CPU.Build.0 = Debug|Any CPU
		{4496BB14-5797-45F9-8798-8779BA859624}.Debug|Mixed Platforms.ActiveCfg = Debug|Any CPU
		{4496BB14-5797-45F9-8798-8779BA859624}.Debug|Mixed Platforms.Build.0 = Debug|Any CPU
		{4496BB14-5797-45F9-8798-8779BA859624}.DebugLocal|.NET.ActiveCfg = Debug|Any CPU
		{4496BB14-5797-45F9-8798-8779BA859624}.DebugLocal|Any CPU.ActiveCfg = Debug|Any CPU
		{4496BB14-5797-45F9-8798-8779BA859624}.DebugLocal|Any CPU.Build.0 = Debug|Any CPU
		{4496BB14-5797-45F9-8798-8779BA859624}.DebugLocal|Mixed Platforms.ActiveCfg = Debug|Any CPU
		{4496BB14-5797-45F9-8798-8779BA859624}.DebugLocal|Mixed Platforms.Build.0 = Debug|Any CPU
		{4496BB14-5797-45F9-8798-8779BA859624}.Production|.NET.ActiveCfg = Release|Any CPU
		{4496BB14-5797-45F9-8798-8779BA859624}.Production|Any CPU.ActiveCfg = Release|Any CPU
		{4496BB14-5797-45F9-8798-8779BA859624}.Production|Any CPU.Build.0 = Release|Any CPU
		{4496BB14-5797-45F9-8798-8779BA859624}.Production|Mixed Platforms.ActiveCfg = Release|Any CPU
		{4496BB14-5797-45F9-8798-8779BA859624}.Production|Mixed Platforms.Build.0 = Release|Any CPU
		{4496BB14-5797-45F9-8798-8779BA859624}.Release|.NET.ActiveCfg = Release|Any CPU
		{4496BB14-5797-45F9-8798-8779BA859624}.Release|Any CPU.ActiveCfg = Release|Any CPU
		{4496BB14-5797-45F9-8798-8779BA859624}.Release|Any CPU.Build.0 = Release|Any CPU
		{4496BB14-5797-45F9-8798-8779BA859624}.Release|Mixed Platforms.ActiveCfg = Release|Any CPU
		{4496BB14-5797-45F9-8798-8779BA859624}.Release|Mixed Platforms.Build.0 = Release|Any CPU
		{71C2F369-4A07-46C6-864B-49237CE3F2E0}.Debug|.NET.ActiveCfg = Debug|.NET
		{71C2F369-4A07-46C6-864B-49237CE3F2E0}.Debug|.NET.Build.0 = Debug|.NET
		{71C2F369-4A07-46C6-864B-49237CE3F2E0}.Debug|Any CPU.ActiveCfg = Debug|.NET
		{71C2F369-4A07-46C6-864B-49237CE3F2E0}.Debug|Mixed Platforms.ActiveCfg = Debug|.NET
		{71C2F369-4A07-46C6-864B-49237CE3F2E0}.Debug|Mixed Platforms.Build.0 = Debug|.NET
		{71C2F369-4A07-46C6-864B-49237CE3F2E0}.DebugLocal|.NET.ActiveCfg = Debug|.NET
		{71C2F369-4A07-46C6-864B-49237CE3F2E0}.DebugLocal|.NET.Build.0 = Debug|.NET
		{71C2F369-4A07-46C6-864B-49237CE3F2E0}.DebugLocal|Any CPU.ActiveCfg = Debug|.NET
		{71C2F369-4A07-46C6-864B-49237CE3F2E0}.DebugLocal|Mixed Platforms.ActiveCfg = Debug|.NET
		{71C2F369-4A07-46C6-864B-49237CE3F2E0}.DebugLocal|Mixed Platforms.Build.0 = Debug|.NET
		{71C2F369-4A07-46C6-864B-49237CE3F2E0}.Production|.NET.ActiveCfg = Debug|.NET
		{71C2F369-4A07-46C6-864B-49237CE3F2E0}.Production|.NET.Build.0 = Debug|.NET
		{71C2F369-4A07-46C6-864B-49237CE3F2E0}.Production|Any CPU.ActiveCfg = Debug|.NET
		{71C2F369-4A07-46C6-864B-49237CE3F2E0}.Production|Mixed Platforms.ActiveCfg = Debug|.NET
		{71C2F369-4A07-46C6-864B-49237CE3F2E0}.Production|Mixed Platforms.Build.0 = Debug|.NET
		{71C2F369-4A07-46C6-864B-49237CE3F2E0}.Release|.NET.ActiveCfg = Debug|.NET
		{71C2F369-4A07-46C6-864B-49237CE3F2E0}.Release|.NET.Build.0 = Debug|.NET
		{71C2F369-4A07-46C6-864B-49237CE3F2E0}.Release|Any CPU.ActiveCfg = Debug|.NET
		{71C2F369-4A07-46C6-864B-49237CE3F2E0}.Release|Mixed Platforms.ActiveCfg = Debug|.NET
		{71C2F369-4A07-46C6-864B-49237CE3F2E0}.Release|Mixed Platforms.Build.0 = Debug|.NET
		{8C54F61A-CA3C-4229-A0E8-7CA7EBDC876C}.Debug|.NET.ActiveCfg = DebugLocal
		{8C54F61A-CA3C-4229-A0E8-7CA7EBDC876C}.Debug|Any CPU.ActiveCfg = DebugLocal
		{8C54F61A-CA3C-4229-A0E8-7CA7EBDC876C}.Debug|Any CPU.Build.0 = DebugLocal
		{8C54F61A-CA3C-4229-A0E8-7CA7EBDC876C}.Debug|Any CPU.Deploy.0 = DebugLocal
		{8C54F61A-CA3C-4229-A0E8-7CA7EBDC876C}.Debug|Mixed Platforms.ActiveCfg = DebugLocal
		{8C54F61A-CA3C-4229-A0E8-7CA7EBDC876C}.Debug|Mixed Platforms.Build.0 = DebugLocal
		{8C54F61A-CA3C-4229-A0E8-7CA7EBDC876C}.Debug|Mixed Platforms.Deploy.0 = DebugLocal
		{8C54F61A-CA3C-4229-A0E8-7CA7EBDC876C}.DebugLocal|.NET.ActiveCfg = DebugLocal
		{8C54F61A-CA3C-4229-A0E8-7CA7EBDC876C}.DebugLocal|.NET.Build.0 = DebugLocal
		{8C54F61A-CA3C-4229-A0E8-7CA7EBDC876C}.DebugLocal|.NET.Deploy.0 = DebugLocal
		{8C54F61A-CA3C-4229-A0E8-7CA7EBDC876C}.DebugLocal|Any CPU.ActiveCfg = DebugLocal
		{8C54F61A-CA3C-4229-A0E8-7CA7EBDC876C}.DebugLocal|Any CPU.Build.0 = DebugLocal
		{8C54F61A-CA3C-4229-A0E8-7CA7EBDC876C}.DebugLocal|Any CPU.Deploy.0 = DebugLocal
		{8C54F61A-CA3C-4229-A0E8-7CA7EBDC876C}.DebugLocal|Mixed Platforms.ActiveCfg = DebugLocal
		{8C54F61A-CA3C-4229-A0E8-7CA7EBDC876C}.DebugLocal|Mixed Platforms.Build.0 = DebugLocal
		{8C54F61A-CA3C-4229-A0E8-7CA7EBDC876C}.DebugLocal|Mixed Platforms.Deploy.0 = DebugLocal
		{8C54F61A-CA3C-4229-A0E8-7CA7EBDC876C}.Production|.NET.ActiveCfg = Production
		{8C54F61A-CA3C-4229-A0E8-7CA7EBDC876C}.Production|.NET.Build.0 = Production
		{8C54F61A-CA3C-4229-A0E8-7CA7EBDC876C}.Production|.NET.Deploy.0 = Production
		{8C54F61A-CA3C-4229-A0E8-7CA7EBDC876C}.Production|Any CPU.ActiveCfg = Production
		{8C54F61A-CA3C-4229-A0E8-7CA7EBDC876C}.Production|Any CPU.Build.0 = Production
		{8C54F61A-CA3C-4229-A0E8-7CA7EBDC876C}.Production|Any CPU.Deploy.0 = Production
		{8C54F61A-CA3C-4229-A0E8-7CA7EBDC876C}.Production|Mixed Platforms.ActiveCfg = Production
		{8C54F61A-CA3C-4229-A0E8-7CA7EBDC876C}.Production|Mixed Platforms.Build.0 = Production
		{8C54F61A-CA3C-4229-A0E8-7CA7EBDC876C}.Production|Mixed Platforms.Deploy.0 = Production
		{8C54F61A-CA3C-4229-A0E8-7CA7EBDC876C}.Release|.NET.ActiveCfg = Production
		{8C54F61A-CA3C-4229-A0E8-7CA7EBDC876C}.Release|.NET.Build.0 = Production
		{8C54F61A-CA3C-4229-A0E8-7CA7EBDC876C}.Release|.NET.Deploy.0 = Production
		{8C54F61A-CA3C-4229-A0E8-7CA7EBDC876C}.Release|Any CPU.ActiveCfg = Production
		{8C54F61A-CA3C-4229-A0E8-7CA7EBDC876C}.Release|Any CPU.Build.0 = Production
		{8C54F61A-CA3C-4229-A0E8-7CA7EBDC876C}.Release|Any CPU.Deploy.0 = Production
		{8C54F61A-CA3C-4229-A0E8-7CA7EBDC876C}.Release|Mixed Platforms.ActiveCfg = Production
		{8C54F61A-CA3C-4229-A0E8-7CA7EBDC876C}.Release|Mixed Platforms.Build.0 = Production
		{8C54F61A-CA3C-4229-A0E8-7CA7EBDC876C}.Release|Mixed Platforms.Deploy.0 = Production
		{AB13EEB6-015A-48E0-A9BA-07F12E675467}.Debug|.NET.ActiveCfg = Debug|Any CPU
		{AB13EEB6-015A-48E0-A9BA-07F12E675467}.Debug|Any CPU.ActiveCfg = Debug|Any CPU
		{AB13EEB6-015A-48E0-A9BA-07F12E675467}.Debug|Any CPU.Build.0 = Debug|Any CPU
		{AB13EEB6-015A-48E0-A9BA-07F12E675467}.Debug|Mixed Platforms.ActiveCfg = Debug|Any CPU
		{AB13EEB6-015A-48E0-A9BA-07F12E675467}.Debug|Mixed Platforms.Build.0 = Debug|Any CPU
		{AB13EEB6-015A-48E0-A9BA-07F12E675467}.DebugLocal|.NET.ActiveCfg = Debug|Any CPU
		{AB13EEB6-015A-48E0-A9BA-07F12E675467}.DebugLocal|Any CPU.ActiveCfg = Debug|Any CPU
		{AB13EEB6-015A-48E0-A9BA-07F12E675467}.DebugLocal|Any CPU.Build.0 = Debug|Any CPU
		{AB13EEB6-015A-48E0-A9BA-07F12E675467}.DebugLocal|Mixed Platforms.ActiveCfg = Debug|Any CPU
		{AB13EEB6-015A-48E0-A9BA-07F12E675467}.DebugLocal|Mixed Platforms.Build.0 = Debug|Any CPU
		{AB13EEB6-015A-48E0-A9BA-07F12E675467}.Production|.NET.ActiveCfg = Release|Any CPU
		{AB13EEB6-015A-48E0-A9BA-07F12E675467}.Production|Any CPU.ActiveCfg = Release|Any CPU
		{AB13EEB6-015A-48E0-A9BA-07F12E675467}.Production|Any CPU.Build.0 = Release|Any CPU
		{AB13EEB6-015A-48E0-A9BA-07F12E675467}.Production|Mixed Platforms.ActiveCfg = Release|Any CPU
		{AB13EEB6-015A-48E0-A9BA-07F12E675467}.Production|Mixed Platforms.Build.0 = Release|Any CPU
		{AB13EEB6-015A-48E0-A9BA-07F12E675467}.Release|.NET.ActiveCfg = Release|Any CPU
		{AB13EEB6-015A-48E0-A9BA-07F12E675467}.Release|Any CPU.ActiveCfg = Release|Any CPU
		{AB13EEB6-015A-48E0-A9BA-07F12E675467}.Release|Any CPU.Build.0 = Release|Any CPU
		{AB13EEB6-015A-48E0-A9BA-07F12E675467}.Release|Mixed Platforms.ActiveCfg = Release|Any CPU
		{AB13EEB6-015A-48E0-A9BA-07F12E675467}.Release|Mixed Platforms.Build.0 = Release|Any CPU
	EndGlobalSection
	GlobalSection(SolutionProperties) = preSolution
		HideSolutionNode = FALSE
	EndGlobalSection
	GlobalSection(NestedProjects) = preSolution
		{95ECC0CF-D83C-47F3-9C22-F75BAE40E952} = {D2810287-BD93-4EEA-87B2-07167F817780}
		{4496BB14-5797-45F9-8798-8779BA859624} = {D2810287-BD93-4EEA-87B2-07167F817780}
		{71C2F369-4A07-46C6-864B-49237CE3F2E0} = {D2810287-BD93-4EEA-87B2-07167F817780}
		{8C54F61A-CA3C-4229-A0E8-7CA7EBDC876C} = {D2810287-BD93-4EEA-87B2-07167F817780}
		{AB13EEB6-015A-48E0-A9BA-07F12E675467} = {D2810287-BD93-4EEA-87B2-07167F817780}
		{E2D629A1-9848-43D9-BF7E-3A18A31CC7A4} = {A23B9947-A20F-4926-9709-7A8C9A6BD2CA}
		{1A02033E-F12E-46BB-8AE2-25FE5781260E} = {A23B9947-A20F-4926-9709-7A8C9A6BD2CA}
		{EE192BCC-4665-406D-BA88-76863B4B6853} = {A23B9947-A20F-4926-9709-7A8C9A6BD2CA}
		{E1495242-5DE6-404C-BA5B-8526A6E169CF} = {A23B9947-A20F-4926-9709-7A8C9A6BD2CA}
		{E4A10F71-A7D2-4F4C-ACF8-53E53D8169D5} = {80F7713B-A5A4-4995-A119-4FAA06DDEED9}
		{EFBB5F60-82AE-4C7F-A773-4E719EFDF037} = {80F7713B-A5A4-4995-A119-4FAA06DDEED9}
		{671EB07B-A4FD-4E6D-AE5C-D185BEB526FB} = {80F7713B-A5A4-4995-A119-4FAA06DDEED9}
	EndGlobalSection
EndGlobal
