
Microsoft Visual Studio Solution File, Format Version 12.00
# Visual Studio Version 16
VisualStudioVersion = 16.0.29905.134
MinimumVisualStudioVersion = 10.0.40219.1
Project("{2150E333-8FDC-42A3-9474-1A3956D46DE8}") = "CardImport", "CardImport", "{D2810287-BD93-4EEA-87B2-07167F817780}"
EndProject
Project("{FAE04EC0-301F-11D3-BF4B-00C04F79EFBC}") = "BusinessRules", "..\BusinessRules\BusinessRules.csproj", "{95ECC0CF-D83C-47F3-9C22-F75BAE40E952}"
EndProject
Project("{FAE04EC0-301F-11D3-BF4B-00C04F79EFBC}") = "Entity", "..\Entity\Entity.csproj", "{4496BB14-5797-45F9-8798-8779BA859624}"
EndProject
Project("{E24C65DC-7377-472B-9ABA-BC803B73C61A}") = "WebPage(1)", "..\WebPage\", "{71C2F369-4A07-46C6-864B-49237CE3F2E0}"
	ProjectSection(WebsiteProperties) = preProject
		SccProjectName = ""
		SccAuxPath = ""
		SccLocalPath = ""
		SccProvider = ""
		TargetFrameworkMoniker = ".NETFramework,Version%3Dv4.7.2"
		ProjectReferences = "{95ECC0CF-D83C-47F3-9C22-F75BAE40E952}|BusinessRules.dll;{AB13EEB6-015A-48E0-A9BA-07F12E675467}|BusinessRulesNew.dll;{4496BB14-5797-45F9-8798-8779BA859624}|Entity.dll;"
		Debug.AspNetCompiler.VirtualPath = "/WebPage(1)"
		Debug.AspNetCompiler.PhysicalPath = "..\WebPage\"
		Debug.AspNetCompiler.TargetPath = "PrecompiledWeb\WebPage(1)\"
		Debug.AspNetCompiler.Updateable = "true"
		Debug.AspNetCompiler.ForceOverwrite = "true"
		Debug.AspNetCompiler.FixedNames = "false"
		Debug.AspNetCompiler.Debug = "True"
		Release.AspNetCompiler.VirtualPath = "/WebPage(1)"
		Release.AspNetCompiler.PhysicalPath = "..\WebPage\"
		Release.AspNetCompiler.TargetPath = "PrecompiledWeb\WebPage(1)\"
		Release.AspNetCompiler.Updateable = "true"
		Release.AspNetCompiler.ForceOverwrite = "true"
		Release.AspNetCompiler.FixedNames = "false"
		Release.AspNetCompiler.Debug = "False"
		VWDPort = "8706"
		VWDDynamicPort = "false"
		VWDVirtualPath = "/"
		SlnRelativePath = "..\WebPage\"
		DefaultWebSiteLanguage = "Visual C#"
	EndProjectSection
EndProject
Project("{FAE04EC0-301F-11D3-BF4B-00C04F79EFBC}") = "BusinessRulesNew", "..\BusinessRulesNew\BusinessRulesNew.csproj", "{AB13EEB6-015A-48E0-A9BA-07F12E675467}"
	ProjectSection(ProjectDependencies) = postProject
		{4496BB14-5797-45F9-8798-8779BA859624} = {4496BB14-5797-45F9-8798-8779BA859624}
	EndProjectSection
EndProject
Global
	GlobalSection(SolutionConfigurationPlatforms) = preSolution
		Debug|.NET = Debug|.NET
		Debug|Any CPU = Debug|Any CPU
		Debug|Mixed Platforms = Debug|Mixed Platforms
		DebugLocal|.NET = DebugLocal|.NET
		DebugLocal|Any CPU = DebugLocal|Any CPU
		DebugLocal|Mixed Platforms = DebugLocal|Mixed Platforms
		Production|.NET = Production|.NET
		Production|Any CPU = Production|Any CPU
		Production|Mixed Platforms = Production|Mixed Platforms
		Release|.NET = Release|.NET
		Release|Any CPU = Release|Any CPU
		Release|Mixed Platforms = Release|Mixed Platforms
	EndGlobalSection
	GlobalSection(ProjectConfigurationPlatforms) = postSolution
		{95ECC0CF-D83C-47F3-9C22-F75BAE40E952}.Debug|.NET.ActiveCfg = Debug|Any CPU
		{95ECC0CF-D83C-47F3-9C22-F75BAE40E952}.Debug|Any CPU.ActiveCfg = Debug|Any CPU
		{95ECC0CF-D83C-47F3-9C22-F75BAE40E952}.Debug|Any CPU.Build.0 = Debug|Any CPU
		{95ECC0CF-D83C-47F3-9C22-F75BAE40E952}.Debug|Mixed Platforms.ActiveCfg = Debug|Any CPU
		{95ECC0CF-D83C-47F3-9C22-F75BAE40E952}.Debug|Mixed Platforms.Build.0 = Debug|Any CPU
		{95ECC0CF-D83C-47F3-9C22-F75BAE40E952}.DebugLocal|.NET.ActiveCfg = Debug|Any CPU
		{95ECC0CF-D83C-47F3-9C22-F75BAE40E952}.DebugLocal|Any CPU.ActiveCfg = Debug|Any CPU
		{95ECC0CF-D83C-47F3-9C22-F75BAE40E952}.DebugLocal|Any CPU.Build.0 = Debug|Any CPU
		{95ECC0CF-D83C-47F3-9C22-F75BAE40E952}.DebugLocal|Mixed Platforms.ActiveCfg = Debug|Any CPU
		{95ECC0CF-D83C-47F3-9C22-F75BAE40E952}.DebugLocal|Mixed Platforms.Build.0 = Debug|Any CPU
		{95ECC0CF-D83C-47F3-9C22-F75BAE40E952}.Production|.NET.ActiveCfg = Release|Any CPU
		{95ECC0CF-D83C-47F3-9C22-F75BAE40E952}.Production|Any CPU.ActiveCfg = Release|Any CPU
		{95ECC0CF-D83C-47F3-9C22-F75BAE40E952}.Production|Any CPU.Build.0 = Release|Any CPU
		{95ECC0CF-D83C-47F3-9C22-F75BAE40E952}.Production|Mixed Platforms.ActiveCfg = Release|Any CPU
		{95ECC0CF-D83C-47F3-9C22-F75BAE40E952}.Production|Mixed Platforms.Build.0 = Release|Any CPU
		{95ECC0CF-D83C-47F3-9C22-F75BAE40E952}.Release|.NET.ActiveCfg = Release|Any CPU
		{95ECC0CF-D83C-47F3-9C22-F75BAE40E952}.Release|Any CPU.ActiveCfg = Release|Any CPU
		{95ECC0CF-D83C-47F3-9C22-F75BAE40E952}.Release|Any CPU.Build.0 = Release|Any CPU
		{95ECC0CF-D83C-47F3-9C22-F75BAE40E952}.Release|Mixed Platforms.ActiveCfg = Release|Any CPU
		{95ECC0CF-D83C-47F3-9C22-F75BAE40E952}.Release|Mixed Platforms.Build.0 = Release|Any CPU
		{4496BB14-5797-45F9-8798-8779BA859624}.Debug|.NET.ActiveCfg = Debug|Any CPU
		{4496BB14-5797-45F9-8798-8779BA859624}.Debug|Any CPU.ActiveCfg = Debug|Any CPU
		{4496BB14-5797-45F9-8798-8779BA859624}.Debug|Any CPU.Build.0 = Debug|Any CPU
		{4496BB14-5797-45F9-8798-8779BA859624}.Debug|Mixed Platforms.ActiveCfg = Debug|Any CPU
		{4496BB14-5797-45F9-8798-8779BA859624}.Debug|Mixed Platforms.Build.0 = Debug|Any CPU
		{4496BB14-5797-45F9-8798-8779BA859624}.DebugLocal|.NET.ActiveCfg = Debug|Any CPU
		{4496BB14-5797-45F9-8798-8779BA859624}.DebugLocal|Any CPU.ActiveCfg = Debug|Any CPU
		{4496BB14-5797-45F9-8798-8779BA859624}.DebugLocal|Any CPU.Build.0 = Debug|Any CPU
		{4496BB14-5797-45F9-8798-8779BA859624}.DebugLocal|Mixed Platforms.ActiveCfg = Debug|Any CPU
		{4496BB14-5797-45F9-8798-8779BA859624}.DebugLocal|Mixed Platforms.Build.0 = Debug|Any CPU
		{4496BB14-5797-45F9-8798-8779BA859624}.Production|.NET.ActiveCfg = Release|Any CPU
		{4496BB14-5797-45F9-8798-8779BA859624}.Production|Any CPU.ActiveCfg = Release|Any CPU
		{4496BB14-5797-45F9-8798-8779BA859624}.Production|Any CPU.Build.0 = Release|Any CPU
		{4496BB14-5797-45F9-8798-8779BA859624}.Production|Mixed Platforms.ActiveCfg = Release|Any CPU
		{4496BB14-5797-45F9-8798-8779BA859624}.Production|Mixed Platforms.Build.0 = Release|Any CPU
		{4496BB14-5797-45F9-8798-8779BA859624}.Release|.NET.ActiveCfg = Release|Any CPU
		{4496BB14-5797-45F9-8798-8779BA859624}.Release|Any CPU.ActiveCfg = Release|Any CPU
		{4496BB14-5797-45F9-8798-8779BA859624}.Release|Any CPU.Build.0 = Release|Any CPU
		{4496BB14-5797-45F9-8798-8779BA859624}.Release|Mixed Platforms.ActiveCfg = Release|Any CPU
		{4496BB14-5797-45F9-8798-8779BA859624}.Release|Mixed Platforms.Build.0 = Release|Any CPU
		{71C2F369-4A07-46C6-864B-49237CE3F2E0}.Debug|.NET.ActiveCfg = Debug|Any CPU
		{71C2F369-4A07-46C6-864B-49237CE3F2E0}.Debug|.NET.Build.0 = Debug|Any CPU
		{71C2F369-4A07-46C6-864B-49237CE3F2E0}.Debug|Any CPU.ActiveCfg = Debug|Any CPU
		{71C2F369-4A07-46C6-864B-49237CE3F2E0}.Debug|Any CPU.Build.0 = Debug|Any CPU
		{71C2F369-4A07-46C6-864B-49237CE3F2E0}.Debug|Mixed Platforms.ActiveCfg = Debug|Any CPU
		{71C2F369-4A07-46C6-864B-49237CE3F2E0}.Debug|Mixed Platforms.Build.0 = Debug|Any CPU
		{71C2F369-4A07-46C6-864B-49237CE3F2E0}.DebugLocal|.NET.ActiveCfg = Debug|Any CPU
		{71C2F369-4A07-46C6-864B-49237CE3F2E0}.DebugLocal|.NET.Build.0 = Debug|Any CPU
		{71C2F369-4A07-46C6-864B-49237CE3F2E0}.DebugLocal|Any CPU.ActiveCfg = Debug|Any CPU
		{71C2F369-4A07-46C6-864B-49237CE3F2E0}.DebugLocal|Any CPU.Build.0 = Debug|Any CPU
		{71C2F369-4A07-46C6-864B-49237CE3F2E0}.DebugLocal|Mixed Platforms.ActiveCfg = Debug|Any CPU
		{71C2F369-4A07-46C6-864B-49237CE3F2E0}.DebugLocal|Mixed Platforms.Build.0 = Debug|Any CPU
		{71C2F369-4A07-46C6-864B-49237CE3F2E0}.Production|.NET.ActiveCfg = Debug|Any CPU
		{71C2F369-4A07-46C6-864B-49237CE3F2E0}.Production|.NET.Build.0 = Debug|Any CPU
		{71C2F369-4A07-46C6-864B-49237CE3F2E0}.Production|Any CPU.ActiveCfg = Debug|Any CPU
		{71C2F369-4A07-46C6-864B-49237CE3F2E0}.Production|Any CPU.Build.0 = Debug|Any CPU
		{71C2F369-4A07-46C6-864B-49237CE3F2E0}.Production|Mixed Platforms.ActiveCfg = Debug|Any CPU
		{71C2F369-4A07-46C6-864B-49237CE3F2E0}.Production|Mixed Platforms.Build.0 = Debug|Any CPU
		{71C2F369-4A07-46C6-864B-49237CE3F2E0}.Release|.NET.ActiveCfg = Debug|Any CPU
		{71C2F369-4A07-46C6-864B-49237CE3F2E0}.Release|.NET.Build.0 = Debug|Any CPU
		{71C2F369-4A07-46C6-864B-49237CE3F2E0}.Release|Any CPU.ActiveCfg = Debug|Any CPU
		{71C2F369-4A07-46C6-864B-49237CE3F2E0}.Release|Any CPU.Build.0 = Debug|Any CPU
		{71C2F369-4A07-46C6-864B-49237CE3F2E0}.Release|Mixed Platforms.ActiveCfg = Debug|Any CPU
		{71C2F369-4A07-46C6-864B-49237CE3F2E0}.Release|Mixed Platforms.Build.0 = Debug|Any CPU
		{AB13EEB6-015A-48E0-A9BA-07F12E675467}.Debug|.NET.ActiveCfg = Debug|Any CPU
		{AB13EEB6-015A-48E0-A9BA-07F12E675467}.Debug|Any CPU.ActiveCfg = Debug|Any CPU
		{AB13EEB6-015A-48E0-A9BA-07F12E675467}.Debug|Any CPU.Build.0 = Debug|Any CPU
		{AB13EEB6-015A-48E0-A9BA-07F12E675467}.Debug|Mixed Platforms.ActiveCfg = Debug|Any CPU
		{AB13EEB6-015A-48E0-A9BA-07F12E675467}.Debug|Mixed Platforms.Build.0 = Debug|Any CPU
		{AB13EEB6-015A-48E0-A9BA-07F12E675467}.DebugLocal|.NET.ActiveCfg = Debug|Any CPU
		{AB13EEB6-015A-48E0-A9BA-07F12E675467}.DebugLocal|Any CPU.ActiveCfg = Debug|Any CPU
		{AB13EEB6-015A-48E0-A9BA-07F12E675467}.DebugLocal|Any CPU.Build.0 = Debug|Any CPU
		{AB13EEB6-015A-48E0-A9BA-07F12E675467}.DebugLocal|Mixed Platforms.ActiveCfg = Debug|Any CPU
		{AB13EEB6-015A-48E0-A9BA-07F12E675467}.DebugLocal|Mixed Platforms.Build.0 = Debug|Any CPU
		{AB13EEB6-015A-48E0-A9BA-07F12E675467}.Production|.NET.ActiveCfg = Release|Any CPU
		{AB13EEB6-015A-48E0-A9BA-07F12E675467}.Production|Any CPU.ActiveCfg = Release|Any CPU
		{AB13EEB6-015A-48E0-A9BA-07F12E675467}.Production|Any CPU.Build.0 = Release|Any CPU
		{AB13EEB6-015A-48E0-A9BA-07F12E675467}.Production|Mixed Platforms.ActiveCfg = Release|Any CPU
		{AB13EEB6-015A-48E0-A9BA-07F12E675467}.Production|Mixed Platforms.Build.0 = Release|Any CPU
		{AB13EEB6-015A-48E0-A9BA-07F12E675467}.Release|.NET.ActiveCfg = Release|Any CPU
		{AB13EEB6-015A-48E0-A9BA-07F12E675467}.Release|Any CPU.ActiveCfg = Release|Any CPU
		{AB13EEB6-015A-48E0-A9BA-07F12E675467}.Release|Any CPU.Build.0 = Release|Any CPU
		{AB13EEB6-015A-48E0-A9BA-07F12E675467}.Release|Mixed Platforms.ActiveCfg = Release|Any CPU
		{AB13EEB6-015A-48E0-A9BA-07F12E675467}.Release|Mixed Platforms.Build.0 = Release|Any CPU
	EndGlobalSection
	GlobalSection(SolutionProperties) = preSolution
		HideSolutionNode = FALSE
	EndGlobalSection
	GlobalSection(NestedProjects) = preSolution
		{95ECC0CF-D83C-47F3-9C22-F75BAE40E952} = {D2810287-BD93-4EEA-87B2-07167F817780}
		{4496BB14-5797-45F9-8798-8779BA859624} = {D2810287-BD93-4EEA-87B2-07167F817780}
		{71C2F369-4A07-46C6-864B-49237CE3F2E0} = {D2810287-BD93-4EEA-87B2-07167F817780}
		{AB13EEB6-015A-48E0-A9BA-07F12E675467} = {D2810287-BD93-4EEA-87B2-07167F817780}
	EndGlobalSection
	GlobalSection(ExtensibilityGlobals) = postSolution
		SolutionGuid = {E866065F-ED34-4CD0-9CE3-C690297517EA}
	EndGlobalSection
EndGlobal
