
Microsoft Visual Studio Solution File, Format Version 12.00
# Visual Studio Version 16
VisualStudioVersion = 16.0.29905.134
MinimumVisualStudioVersion = 10.0.40219.1
Project("{2150E333-8FDC-42A3-9474-1A3956D46DE8}") = "CardFlow", "CardFlow", "{D2810287-BD93-4EEA-87B2-07167F817780}"
EndProject
Project("{E24C65DC-7377-472B-9ABA-BC803B73C61A}") = "WebPage", "..\WebPage\", "{71C2F369-4A07-46C6-864B-49237CE3F2E0}"
	ProjectSection(WebsiteProperties) = preProject
		SccProjectName = ""
		SccAuxPath = ""
		SccLocalPath = ""
		SccProvider = ""
		TargetFrameworkMoniker = ".NETFramework,Version%3Dv4.7.2"
		ProjectReferences = "{1A02033E-F12E-46BB-8AE2-25FE5781260E}|CSIPCommonModel.BusinessRules.dll;{EE192BCC-4665-406D-BA88-76863B4B6853}|CSIPCommonModel.BaseItem.dll;{E2D629A1-9848-43D9-BF7E-3A18A31CC7A4}|CSIPCommonModel.EntityLayer.dll;{EFBB5F60-82AE-4C7F-A773-4E719EFDF037}|Framework.Data.OM.dll;{E4A10F71-A7D2-4F4C-ACF8-53E53D8169D5}|Framework.Common.dll;{671EB07B-A4FD-4E6D-AE5C-D185BEB526FB}|Framework.WebControls.dll;{95ecc0cf-d83c-47f3-9c22-f75bae40e952}|BusinessRules.dll;{4496BB14-5797-45F9-8798-8779BA859624}|Entity.dll;{ab13eeb6-015a-48e0-a9ba-07f12e675467}|BusinessRulesNew.dll;"
		Debug.AspNetCompiler.VirtualPath = "/WebPage(1)"
		Debug.AspNetCompiler.PhysicalPath = "..\WebPage\"
		Debug.AspNetCompiler.TargetPath = "PrecompiledWeb\WebPage(1)\"
		Debug.AspNetCompiler.Updateable = "true"
		Debug.AspNetCompiler.ForceOverwrite = "true"
		Debug.AspNetCompiler.FixedNames = "false"
		Debug.AspNetCompiler.Debug = "True"
		Release.AspNetCompiler.VirtualPath = "/WebPage(1)"
		Release.AspNetCompiler.PhysicalPath = "..\WebPage\"
		Release.AspNetCompiler.TargetPath = "PrecompiledWeb\WebPage(1)\"
		Release.AspNetCompiler.Updateable = "true"
		Release.AspNetCompiler.ForceOverwrite = "true"
		Release.AspNetCompiler.FixedNames = "false"
		Release.AspNetCompiler.Debug = "False"
		VWDPort = "8706"
		VWDDynamicPort = "false"
		VWDVirtualPath = "/"
		SlnRelativePath = "..\WebPage\"
		DefaultWebSiteLanguage = "Visual C#"
	EndProjectSection
EndProject
Project("{2150E333-8FDC-42A3-9474-1A3956D46DE8}") = "CommonModel", "CommonModel", "{C85F467B-4B84-4E96-8EC3-D2972D4AB55B}"
EndProject
Project("{E24C65DC-7377-472B-9ABA-BC803B73C61A}") = "WebPage(1)", "..\..\CSIP_CommonModel\WebPage\", "{0DFC6CD2-F02F-4BA1-A037-6D4A0A7890B8}"
	ProjectSection(WebsiteProperties) = preProject
		SccProjectName = ""
		SccAuxPath = ""
		SccLocalPath = ""
		SccProvider = ""
		TargetFrameworkMoniker = ".NETFramework,Version%3Dv4.7.2"
		ProjectReferences = "{ee192bcc-4665-406d-ba88-76863b4b6853}|CSIPCommonModel.BaseItem.dll;{1a02033e-f12e-46bb-8ae2-25fe5781260e}|CSIPCommonModel.BusinessRules.dll;{E2D629A1-9848-43D9-BF7E-3A18A31CC7A4}|CSIPCommonModel.EntityLayer.dll;{EFBB5F60-82AE-4C7F-A773-4E719EFDF037}|Framework.Data.OM.dll;{E4A10F71-A7D2-4F4C-ACF8-53E53D8169D5}|Framework.Common.dll;{671EB07B-A4FD-4E6D-AE5C-D185BEB526FB}|Framework.WebControls.dll;"
		Debug.AspNetCompiler.VirtualPath = "/localhost_8700"
		Debug.AspNetCompiler.PhysicalPath = "..\..\CSIP_CommonModel\WebPage\"
		Debug.AspNetCompiler.TargetPath = "PrecompiledWeb\localhost_8700\"
		Debug.AspNetCompiler.Updateable = "true"
		Debug.AspNetCompiler.ForceOverwrite = "true"
		Debug.AspNetCompiler.FixedNames = "false"
		Debug.AspNetCompiler.Debug = "True"
		Release.AspNetCompiler.VirtualPath = "/localhost_8700"
		Release.AspNetCompiler.PhysicalPath = "..\..\CSIP_CommonModel\WebPage\"
		Release.AspNetCompiler.TargetPath = "PrecompiledWeb\localhost_8700\"
		Release.AspNetCompiler.Updateable = "true"
		Release.AspNetCompiler.ForceOverwrite = "true"
		Release.AspNetCompiler.FixedNames = "false"
		Release.AspNetCompiler.Debug = "False"
		VWDPort = "8700"
		VWDDynamicPort = "false"
		VWDVirtualPath = "/"
		SlnRelativePath = "..\..\CSIP_CommonModel\WebPage\"
	EndProjectSection
EndProject
Project("{FAE04EC0-301F-11D3-BF4B-00C04F79EFBC}") = "CommonBaseItem", "..\..\CSIP_CommonModel\BaseItem\CommonBaseItem.csproj", "{EE192BCC-4665-406D-BA88-76863B4B6853}"
EndProject
Project("{FAE04EC0-301F-11D3-BF4B-00C04F79EFBC}") = "CommonBusinessRules", "..\..\CSIP_CommonModel\BusinessRules\CommonBusinessRules.csproj", "{1A02033E-F12E-46BB-8AE2-25FE5781260E}"
EndProject
Project("{FAE04EC0-301F-11D3-BF4B-00C04F79EFBC}") = "CommonEntity", "..\..\CSIP_CommonModel\Entity\CommonEntity.csproj", "{E2D629A1-9848-43D9-BF7E-3A18A31CC7A4}"
EndProject
Project("{FAE04EC0-301F-11D3-BF4B-00C04F79EFBC}") = "Framework.Common", "..\..\CSIP_CommonModel\Framework.Common\Framework.Common.csproj", "{E4A10F71-A7D2-4F4C-ACF8-53E53D8169D5}"
EndProject
Project("{FAE04EC0-301F-11D3-BF4B-00C04F79EFBC}") = "Framework.WebControls", "..\..\CSIP_CommonModel\Framework.Controls\WebControls\Framework.WebControls.csproj", "{671EB07B-A4FD-4E6D-AE5C-D185BEB526FB}"
EndProject
Project("{FAE04EC0-301F-11D3-BF4B-00C04F79EFBC}") = "Framework.Data.OM", "..\..\CSIP_CommonModel\Framework.Data\OM\Framework.Data.OM.csproj", "{EFBB5F60-82AE-4C7F-A773-4E719EFDF037}"
EndProject
Project("{FAE04EC0-301F-11D3-BF4B-00C04F79EFBC}") = "BusinessRules_Developer", "..\BusinessRules\BusinessRules_Developer.csproj", "{95ECC0CF-D83C-47F3-9C22-F75BAE40E952}"
EndProject
Project("{FAE04EC0-301F-11D3-BF4B-00C04F79EFBC}") = "Entity_Developer", "..\Entity\Entity_Developer.csproj", "{4496BB14-5797-45F9-8798-8779BA859624}"
EndProject
Project("{FAE04EC0-301F-11D3-BF4B-00C04F79EFBC}") = "BusinessRulesNew", "..\BusinessRulesNew\BusinessRulesNew.csproj", "{AB13EEB6-015A-48E0-A9BA-07F12E675467}"
EndProject
Global
	GlobalSection(SolutionConfigurationPlatforms) = preSolution
		Debug|.NET = Debug|.NET
		Debug|Any CPU = Debug|Any CPU
		Debug|Mixed Platforms = Debug|Mixed Platforms
		DebugLocal|.NET = DebugLocal|.NET
		DebugLocal|Any CPU = DebugLocal|Any CPU
		DebugLocal|Mixed Platforms = DebugLocal|Mixed Platforms
		Production|.NET = Production|.NET
		Production|Any CPU = Production|Any CPU
		Production|Mixed Platforms = Production|Mixed Platforms
		Release|.NET = Release|.NET
		Release|Any CPU = Release|Any CPU
		Release|Mixed Platforms = Release|Mixed Platforms
	EndGlobalSection
	GlobalSection(ProjectConfigurationPlatforms) = postSolution
		{71C2F369-4A07-46C6-864B-49237CE3F2E0}.Debug|.NET.ActiveCfg = Debug|Any CPU
		{71C2F369-4A07-46C6-864B-49237CE3F2E0}.Debug|.NET.Build.0 = Debug|Any CPU
		{71C2F369-4A07-46C6-864B-49237CE3F2E0}.Debug|Any CPU.ActiveCfg = Debug|Any CPU
		{71C2F369-4A07-46C6-864B-49237CE3F2E0}.Debug|Any CPU.Build.0 = Debug|Any CPU
		{71C2F369-4A07-46C6-864B-49237CE3F2E0}.Debug|Mixed Platforms.ActiveCfg = Debug|Any CPU
		{71C2F369-4A07-46C6-864B-49237CE3F2E0}.Debug|Mixed Platforms.Build.0 = Debug|Any CPU
		{71C2F369-4A07-46C6-864B-49237CE3F2E0}.DebugLocal|.NET.ActiveCfg = Debug|Any CPU
		{71C2F369-4A07-46C6-864B-49237CE3F2E0}.DebugLocal|.NET.Build.0 = Debug|Any CPU
		{71C2F369-4A07-46C6-864B-49237CE3F2E0}.DebugLocal|Any CPU.ActiveCfg = Debug|Any CPU
		{71C2F369-4A07-46C6-864B-49237CE3F2E0}.DebugLocal|Any CPU.Build.0 = Debug|Any CPU
		{71C2F369-4A07-46C6-864B-49237CE3F2E0}.DebugLocal|Mixed Platforms.ActiveCfg = Debug|Any CPU
		{71C2F369-4A07-46C6-864B-49237CE3F2E0}.DebugLocal|Mixed Platforms.Build.0 = Debug|Any CPU
		{71C2F369-4A07-46C6-864B-49237CE3F2E0}.Production|.NET.ActiveCfg = Debug|Any CPU
		{71C2F369-4A07-46C6-864B-49237CE3F2E0}.Production|.NET.Build.0 = Debug|Any CPU
		{71C2F369-4A07-46C6-864B-49237CE3F2E0}.Production|Any CPU.ActiveCfg = Debug|Any CPU
		{71C2F369-4A07-46C6-864B-49237CE3F2E0}.Production|Any CPU.Build.0 = Debug|Any CPU
		{71C2F369-4A07-46C6-864B-49237CE3F2E0}.Production|Mixed Platforms.ActiveCfg = Debug|Any CPU
		{71C2F369-4A07-46C6-864B-49237CE3F2E0}.Production|Mixed Platforms.Build.0 = Debug|Any CPU
		{71C2F369-4A07-46C6-864B-49237CE3F2E0}.Release|.NET.ActiveCfg = Debug|Any CPU
		{71C2F369-4A07-46C6-864B-49237CE3F2E0}.Release|.NET.Build.0 = Debug|Any CPU
		{71C2F369-4A07-46C6-864B-49237CE3F2E0}.Release|Any CPU.ActiveCfg = Debug|Any CPU
		{71C2F369-4A07-46C6-864B-49237CE3F2E0}.Release|Any CPU.Build.0 = Debug|Any CPU
		{71C2F369-4A07-46C6-864B-49237CE3F2E0}.Release|Mixed Platforms.ActiveCfg = Debug|Any CPU
		{71C2F369-4A07-46C6-864B-49237CE3F2E0}.Release|Mixed Platforms.Build.0 = Debug|Any CPU
		{0DFC6CD2-F02F-4BA1-A037-6D4A0A7890B8}.Debug|.NET.ActiveCfg = Debug|Any CPU
		{0DFC6CD2-F02F-4BA1-A037-6D4A0A7890B8}.Debug|.NET.Build.0 = Debug|Any CPU
		{0DFC6CD2-F02F-4BA1-A037-6D4A0A7890B8}.Debug|Any CPU.ActiveCfg = Debug|Any CPU
		{0DFC6CD2-F02F-4BA1-A037-6D4A0A7890B8}.Debug|Any CPU.Build.0 = Debug|Any CPU
		{0DFC6CD2-F02F-4BA1-A037-6D4A0A7890B8}.Debug|Mixed Platforms.ActiveCfg = Debug|Any CPU
		{0DFC6CD2-F02F-4BA1-A037-6D4A0A7890B8}.Debug|Mixed Platforms.Build.0 = Debug|Any CPU
		{0DFC6CD2-F02F-4BA1-A037-6D4A0A7890B8}.DebugLocal|.NET.ActiveCfg = Debug|Any CPU
		{0DFC6CD2-F02F-4BA1-A037-6D4A0A7890B8}.DebugLocal|.NET.Build.0 = Debug|Any CPU
		{0DFC6CD2-F02F-4BA1-A037-6D4A0A7890B8}.DebugLocal|Any CPU.ActiveCfg = Debug|Any CPU
		{0DFC6CD2-F02F-4BA1-A037-6D4A0A7890B8}.DebugLocal|Any CPU.Build.0 = Debug|Any CPU
		{0DFC6CD2-F02F-4BA1-A037-6D4A0A7890B8}.DebugLocal|Mixed Platforms.ActiveCfg = Debug|Any CPU
		{0DFC6CD2-F02F-4BA1-A037-6D4A0A7890B8}.DebugLocal|Mixed Platforms.Build.0 = Debug|Any CPU
		{0DFC6CD2-F02F-4BA1-A037-6D4A0A7890B8}.Production|.NET.ActiveCfg = Debug|Any CPU
		{0DFC6CD2-F02F-4BA1-A037-6D4A0A7890B8}.Production|.NET.Build.0 = Debug|Any CPU
		{0DFC6CD2-F02F-4BA1-A037-6D4A0A7890B8}.Production|Any CPU.ActiveCfg = Debug|Any CPU
		{0DFC6CD2-F02F-4BA1-A037-6D4A0A7890B8}.Production|Any CPU.Build.0 = Debug|Any CPU
		{0DFC6CD2-F02F-4BA1-A037-6D4A0A7890B8}.Production|Mixed Platforms.ActiveCfg = Debug|Any CPU
		{0DFC6CD2-F02F-4BA1-A037-6D4A0A7890B8}.Production|Mixed Platforms.Build.0 = Debug|Any CPU
		{0DFC6CD2-F02F-4BA1-A037-6D4A0A7890B8}.Release|.NET.ActiveCfg = Debug|Any CPU
		{0DFC6CD2-F02F-4BA1-A037-6D4A0A7890B8}.Release|.NET.Build.0 = Debug|Any CPU
		{0DFC6CD2-F02F-4BA1-A037-6D4A0A7890B8}.Release|Any CPU.ActiveCfg = Debug|Any CPU
		{0DFC6CD2-F02F-4BA1-A037-6D4A0A7890B8}.Release|Any CPU.Build.0 = Debug|Any CPU
		{0DFC6CD2-F02F-4BA1-A037-6D4A0A7890B8}.Release|Mixed Platforms.ActiveCfg = Debug|Any CPU
		{0DFC6CD2-F02F-4BA1-A037-6D4A0A7890B8}.Release|Mixed Platforms.Build.0 = Debug|Any CPU
		{EE192BCC-4665-406D-BA88-76863B4B6853}.Debug|.NET.ActiveCfg = Debug|Any CPU
		{EE192BCC-4665-406D-BA88-76863B4B6853}.Debug|.NET.Build.0 = Debug|Any CPU
		{EE192BCC-4665-406D-BA88-76863B4B6853}.Debug|Any CPU.ActiveCfg = Debug|Any CPU
		{EE192BCC-4665-406D-BA88-76863B4B6853}.Debug|Any CPU.Build.0 = Debug|Any CPU
		{EE192BCC-4665-406D-BA88-76863B4B6853}.Debug|Mixed Platforms.ActiveCfg = Debug|Any CPU
		{EE192BCC-4665-406D-BA88-76863B4B6853}.Debug|Mixed Platforms.Build.0 = Debug|Any CPU
		{EE192BCC-4665-406D-BA88-76863B4B6853}.DebugLocal|.NET.ActiveCfg = Debug|Any CPU
		{EE192BCC-4665-406D-BA88-76863B4B6853}.DebugLocal|.NET.Build.0 = Debug|Any CPU
		{EE192BCC-4665-406D-BA88-76863B4B6853}.DebugLocal|Any CPU.ActiveCfg = Debug|Any CPU
		{EE192BCC-4665-406D-BA88-76863B4B6853}.DebugLocal|Any CPU.Build.0 = Debug|Any CPU
		{EE192BCC-4665-406D-BA88-76863B4B6853}.DebugLocal|Mixed Platforms.ActiveCfg = Debug|Any CPU
		{EE192BCC-4665-406D-BA88-76863B4B6853}.DebugLocal|Mixed Platforms.Build.0 = Debug|Any CPU
		{EE192BCC-4665-406D-BA88-76863B4B6853}.Production|.NET.ActiveCfg = Release|Any CPU
		{EE192BCC-4665-406D-BA88-76863B4B6853}.Production|.NET.Build.0 = Release|Any CPU
		{EE192BCC-4665-406D-BA88-76863B4B6853}.Production|Any CPU.ActiveCfg = Release|Any CPU
		{EE192BCC-4665-406D-BA88-76863B4B6853}.Production|Any CPU.Build.0 = Release|Any CPU
		{EE192BCC-4665-406D-BA88-76863B4B6853}.Production|Mixed Platforms.ActiveCfg = Release|Any CPU
		{EE192BCC-4665-406D-BA88-76863B4B6853}.Production|Mixed Platforms.Build.0 = Release|Any CPU
		{EE192BCC-4665-406D-BA88-76863B4B6853}.Release|.NET.ActiveCfg = Release|Any CPU
		{EE192BCC-4665-406D-BA88-76863B4B6853}.Release|.NET.Build.0 = Release|Any CPU
		{EE192BCC-4665-406D-BA88-76863B4B6853}.Release|Any CPU.ActiveCfg = Release|Any CPU
		{EE192BCC-4665-406D-BA88-76863B4B6853}.Release|Any CPU.Build.0 = Release|Any CPU
		{EE192BCC-4665-406D-BA88-76863B4B6853}.Release|Mixed Platforms.ActiveCfg = Release|Any CPU
		{EE192BCC-4665-406D-BA88-76863B4B6853}.Release|Mixed Platforms.Build.0 = Release|Any CPU
		{1A02033E-F12E-46BB-8AE2-25FE5781260E}.Debug|.NET.ActiveCfg = Debug|Any CPU
		{1A02033E-F12E-46BB-8AE2-25FE5781260E}.Debug|.NET.Build.0 = Debug|Any CPU
		{1A02033E-F12E-46BB-8AE2-25FE5781260E}.Debug|Any CPU.ActiveCfg = Debug|Any CPU
		{1A02033E-F12E-46BB-8AE2-25FE5781260E}.Debug|Any CPU.Build.0 = Debug|Any CPU
		{1A02033E-F12E-46BB-8AE2-25FE5781260E}.Debug|Mixed Platforms.ActiveCfg = Debug|Any CPU
		{1A02033E-F12E-46BB-8AE2-25FE5781260E}.Debug|Mixed Platforms.Build.0 = Debug|Any CPU
		{1A02033E-F12E-46BB-8AE2-25FE5781260E}.DebugLocal|.NET.ActiveCfg = Debug|Any CPU
		{1A02033E-F12E-46BB-8AE2-25FE5781260E}.DebugLocal|.NET.Build.0 = Debug|Any CPU
		{1A02033E-F12E-46BB-8AE2-25FE5781260E}.DebugLocal|Any CPU.ActiveCfg = Debug|Any CPU
		{1A02033E-F12E-46BB-8AE2-25FE5781260E}.DebugLocal|Any CPU.Build.0 = Debug|Any CPU
		{1A02033E-F12E-46BB-8AE2-25FE5781260E}.DebugLocal|Mixed Platforms.ActiveCfg = Debug|Any CPU
		{1A02033E-F12E-46BB-8AE2-25FE5781260E}.DebugLocal|Mixed Platforms.Build.0 = Debug|Any CPU
		{1A02033E-F12E-46BB-8AE2-25FE5781260E}.Production|.NET.ActiveCfg = Release|Any CPU
		{1A02033E-F12E-46BB-8AE2-25FE5781260E}.Production|.NET.Build.0 = Release|Any CPU
		{1A02033E-F12E-46BB-8AE2-25FE5781260E}.Production|Any CPU.ActiveCfg = Release|Any CPU
		{1A02033E-F12E-46BB-8AE2-25FE5781260E}.Production|Any CPU.Build.0 = Release|Any CPU
		{1A02033E-F12E-46BB-8AE2-25FE5781260E}.Production|Mixed Platforms.ActiveCfg = Release|Any CPU
		{1A02033E-F12E-46BB-8AE2-25FE5781260E}.Production|Mixed Platforms.Build.0 = Release|Any CPU
		{1A02033E-F12E-46BB-8AE2-25FE5781260E}.Release|.NET.ActiveCfg = Release|Any CPU
		{1A02033E-F12E-46BB-8AE2-25FE5781260E}.Release|.NET.Build.0 = Release|Any CPU
		{1A02033E-F12E-46BB-8AE2-25FE5781260E}.Release|Any CPU.ActiveCfg = Release|Any CPU
		{1A02033E-F12E-46BB-8AE2-25FE5781260E}.Release|Any CPU.Build.0 = Release|Any CPU
		{1A02033E-F12E-46BB-8AE2-25FE5781260E}.Release|Mixed Platforms.ActiveCfg = Release|Any CPU
		{1A02033E-F12E-46BB-8AE2-25FE5781260E}.Release|Mixed Platforms.Build.0 = Release|Any CPU
		{E2D629A1-9848-43D9-BF7E-3A18A31CC7A4}.Debug|.NET.ActiveCfg = Debug|Any CPU
		{E2D629A1-9848-43D9-BF7E-3A18A31CC7A4}.Debug|.NET.Build.0 = Debug|Any CPU
		{E2D629A1-9848-43D9-BF7E-3A18A31CC7A4}.Debug|Any CPU.ActiveCfg = Debug|Any CPU
		{E2D629A1-9848-43D9-BF7E-3A18A31CC7A4}.Debug|Any CPU.Build.0 = Debug|Any CPU
		{E2D629A1-9848-43D9-BF7E-3A18A31CC7A4}.Debug|Mixed Platforms.ActiveCfg = Debug|Any CPU
		{E2D629A1-9848-43D9-BF7E-3A18A31CC7A4}.Debug|Mixed Platforms.Build.0 = Debug|Any CPU
		{E2D629A1-9848-43D9-BF7E-3A18A31CC7A4}.DebugLocal|.NET.ActiveCfg = Debug|Any CPU
		{E2D629A1-9848-43D9-BF7E-3A18A31CC7A4}.DebugLocal|.NET.Build.0 = Debug|Any CPU
		{E2D629A1-9848-43D9-BF7E-3A18A31CC7A4}.DebugLocal|Any CPU.ActiveCfg = Debug|Any CPU
		{E2D629A1-9848-43D9-BF7E-3A18A31CC7A4}.DebugLocal|Any CPU.Build.0 = Debug|Any CPU
		{E2D629A1-9848-43D9-BF7E-3A18A31CC7A4}.DebugLocal|Mixed Platforms.ActiveCfg = Debug|Any CPU
		{E2D629A1-9848-43D9-BF7E-3A18A31CC7A4}.DebugLocal|Mixed Platforms.Build.0 = Debug|Any CPU
		{E2D629A1-9848-43D9-BF7E-3A18A31CC7A4}.Production|.NET.ActiveCfg = Release|Any CPU
		{E2D629A1-9848-43D9-BF7E-3A18A31CC7A4}.Production|.NET.Build.0 = Release|Any CPU
		{E2D629A1-9848-43D9-BF7E-3A18A31CC7A4}.Production|Any CPU.ActiveCfg = Release|Any CPU
		{E2D629A1-9848-43D9-BF7E-3A18A31CC7A4}.Production|Any CPU.Build.0 = Release|Any CPU
		{E2D629A1-9848-43D9-BF7E-3A18A31CC7A4}.Production|Mixed Platforms.ActiveCfg = Release|Any CPU
		{E2D629A1-9848-43D9-BF7E-3A18A31CC7A4}.Production|Mixed Platforms.Build.0 = Release|Any CPU
		{E2D629A1-9848-43D9-BF7E-3A18A31CC7A4}.Release|.NET.ActiveCfg = Release|Any CPU
		{E2D629A1-9848-43D9-BF7E-3A18A31CC7A4}.Release|.NET.Build.0 = Release|Any CPU
		{E2D629A1-9848-43D9-BF7E-3A18A31CC7A4}.Release|Any CPU.ActiveCfg = Release|Any CPU
		{E2D629A1-9848-43D9-BF7E-3A18A31CC7A4}.Release|Any CPU.Build.0 = Release|Any CPU
		{E2D629A1-9848-43D9-BF7E-3A18A31CC7A4}.Release|Mixed Platforms.ActiveCfg = Release|Any CPU
		{E2D629A1-9848-43D9-BF7E-3A18A31CC7A4}.Release|Mixed Platforms.Build.0 = Release|Any CPU
		{E4A10F71-A7D2-4F4C-ACF8-53E53D8169D5}.Debug|.NET.ActiveCfg = Debug|Any CPU
		{E4A10F71-A7D2-4F4C-ACF8-53E53D8169D5}.Debug|.NET.Build.0 = Debug|Any CPU
		{E4A10F71-A7D2-4F4C-ACF8-53E53D8169D5}.Debug|Any CPU.ActiveCfg = Debug|Any CPU
		{E4A10F71-A7D2-4F4C-ACF8-53E53D8169D5}.Debug|Any CPU.Build.0 = Debug|Any CPU
		{E4A10F71-A7D2-4F4C-ACF8-53E53D8169D5}.Debug|Mixed Platforms.ActiveCfg = Debug|Any CPU
		{E4A10F71-A7D2-4F4C-ACF8-53E53D8169D5}.Debug|Mixed Platforms.Build.0 = Debug|Any CPU
		{E4A10F71-A7D2-4F4C-ACF8-53E53D8169D5}.DebugLocal|.NET.ActiveCfg = Debug|Any CPU
		{E4A10F71-A7D2-4F4C-ACF8-53E53D8169D5}.DebugLocal|.NET.Build.0 = Debug|Any CPU
		{E4A10F71-A7D2-4F4C-ACF8-53E53D8169D5}.DebugLocal|Any CPU.ActiveCfg = Debug|Any CPU
		{E4A10F71-A7D2-4F4C-ACF8-53E53D8169D5}.DebugLocal|Any CPU.Build.0 = Debug|Any CPU
		{E4A10F71-A7D2-4F4C-ACF8-53E53D8169D5}.DebugLocal|Mixed Platforms.ActiveCfg = Debug|Any CPU
		{E4A10F71-A7D2-4F4C-ACF8-53E53D8169D5}.DebugLocal|Mixed Platforms.Build.0 = Debug|Any CPU
		{E4A10F71-A7D2-4F4C-ACF8-53E53D8169D5}.Production|.NET.ActiveCfg = Release|Any CPU
		{E4A10F71-A7D2-4F4C-ACF8-53E53D8169D5}.Production|.NET.Build.0 = Release|Any CPU
		{E4A10F71-A7D2-4F4C-ACF8-53E53D8169D5}.Production|Any CPU.ActiveCfg = Release|Any CPU
		{E4A10F71-A7D2-4F4C-ACF8-53E53D8169D5}.Production|Any CPU.Build.0 = Release|Any CPU
		{E4A10F71-A7D2-4F4C-ACF8-53E53D8169D5}.Production|Mixed Platforms.ActiveCfg = Release|Any CPU
		{E4A10F71-A7D2-4F4C-ACF8-53E53D8169D5}.Production|Mixed Platforms.Build.0 = Release|Any CPU
		{E4A10F71-A7D2-4F4C-ACF8-53E53D8169D5}.Release|.NET.ActiveCfg = Release|Any CPU
		{E4A10F71-A7D2-4F4C-ACF8-53E53D8169D5}.Release|.NET.Build.0 = Release|Any CPU
		{E4A10F71-A7D2-4F4C-ACF8-53E53D8169D5}.Release|Any CPU.ActiveCfg = Release|Any CPU
		{E4A10F71-A7D2-4F4C-ACF8-53E53D8169D5}.Release|Any CPU.Build.0 = Release|Any CPU
		{E4A10F71-A7D2-4F4C-ACF8-53E53D8169D5}.Release|Mixed Platforms.ActiveCfg = Release|Any CPU
		{E4A10F71-A7D2-4F4C-ACF8-53E53D8169D5}.Release|Mixed Platforms.Build.0 = Release|Any CPU
		{671EB07B-A4FD-4E6D-AE5C-D185BEB526FB}.Debug|.NET.ActiveCfg = Debug|Any CPU
		{671EB07B-A4FD-4E6D-AE5C-D185BEB526FB}.Debug|.NET.Build.0 = Debug|Any CPU
		{671EB07B-A4FD-4E6D-AE5C-D185BEB526FB}.Debug|Any CPU.ActiveCfg = Debug|Any CPU
		{671EB07B-A4FD-4E6D-AE5C-D185BEB526FB}.Debug|Any CPU.Build.0 = Debug|Any CPU
		{671EB07B-A4FD-4E6D-AE5C-D185BEB526FB}.Debug|Mixed Platforms.ActiveCfg = Debug|Any CPU
		{671EB07B-A4FD-4E6D-AE5C-D185BEB526FB}.Debug|Mixed Platforms.Build.0 = Debug|Any CPU
		{671EB07B-A4FD-4E6D-AE5C-D185BEB526FB}.DebugLocal|.NET.ActiveCfg = Debug|Any CPU
		{671EB07B-A4FD-4E6D-AE5C-D185BEB526FB}.DebugLocal|.NET.Build.0 = Debug|Any CPU
		{671EB07B-A4FD-4E6D-AE5C-D185BEB526FB}.DebugLocal|Any CPU.ActiveCfg = Debug|Any CPU
		{671EB07B-A4FD-4E6D-AE5C-D185BEB526FB}.DebugLocal|Any CPU.Build.0 = Debug|Any CPU
		{671EB07B-A4FD-4E6D-AE5C-D185BEB526FB}.DebugLocal|Mixed Platforms.ActiveCfg = Debug|Any CPU
		{671EB07B-A4FD-4E6D-AE5C-D185BEB526FB}.DebugLocal|Mixed Platforms.Build.0 = Debug|Any CPU
		{671EB07B-A4FD-4E6D-AE5C-D185BEB526FB}.Production|.NET.ActiveCfg = Release|Any CPU
		{671EB07B-A4FD-4E6D-AE5C-D185BEB526FB}.Production|.NET.Build.0 = Release|Any CPU
		{671EB07B-A4FD-4E6D-AE5C-D185BEB526FB}.Production|Any CPU.ActiveCfg = Release|Any CPU
		{671EB07B-A4FD-4E6D-AE5C-D185BEB526FB}.Production|Any CPU.Build.0 = Release|Any CPU
		{671EB07B-A4FD-4E6D-AE5C-D185BEB526FB}.Production|Mixed Platforms.ActiveCfg = Release|Any CPU
		{671EB07B-A4FD-4E6D-AE5C-D185BEB526FB}.Production|Mixed Platforms.Build.0 = Release|Any CPU
		{671EB07B-A4FD-4E6D-AE5C-D185BEB526FB}.Release|.NET.ActiveCfg = Release|Any CPU
		{671EB07B-A4FD-4E6D-AE5C-D185BEB526FB}.Release|.NET.Build.0 = Release|Any CPU
		{671EB07B-A4FD-4E6D-AE5C-D185BEB526FB}.Release|Any CPU.ActiveCfg = Release|Any CPU
		{671EB07B-A4FD-4E6D-AE5C-D185BEB526FB}.Release|Any CPU.Build.0 = Release|Any CPU
		{671EB07B-A4FD-4E6D-AE5C-D185BEB526FB}.Release|Mixed Platforms.ActiveCfg = Release|Any CPU
		{671EB07B-A4FD-4E6D-AE5C-D185BEB526FB}.Release|Mixed Platforms.Build.0 = Release|Any CPU
		{EFBB5F60-82AE-4C7F-A773-4E719EFDF037}.Debug|.NET.ActiveCfg = Debug|Any CPU
		{EFBB5F60-82AE-4C7F-A773-4E719EFDF037}.Debug|.NET.Build.0 = Debug|Any CPU
		{EFBB5F60-82AE-4C7F-A773-4E719EFDF037}.Debug|Any CPU.ActiveCfg = Debug|Any CPU
		{EFBB5F60-82AE-4C7F-A773-4E719EFDF037}.Debug|Any CPU.Build.0 = Debug|Any CPU
		{EFBB5F60-82AE-4C7F-A773-4E719EFDF037}.Debug|Mixed Platforms.ActiveCfg = Debug|Any CPU
		{EFBB5F60-82AE-4C7F-A773-4E719EFDF037}.Debug|Mixed Platforms.Build.0 = Debug|Any CPU
		{EFBB5F60-82AE-4C7F-A773-4E719EFDF037}.DebugLocal|.NET.ActiveCfg = Debug|Any CPU
		{EFBB5F60-82AE-4C7F-A773-4E719EFDF037}.DebugLocal|.NET.Build.0 = Debug|Any CPU
		{EFBB5F60-82AE-4C7F-A773-4E719EFDF037}.DebugLocal|Any CPU.ActiveCfg = Debug|Any CPU
		{EFBB5F60-82AE-4C7F-A773-4E719EFDF037}.DebugLocal|Any CPU.Build.0 = Debug|Any CPU
		{EFBB5F60-82AE-4C7F-A773-4E719EFDF037}.DebugLocal|Mixed Platforms.ActiveCfg = Debug|Any CPU
		{EFBB5F60-82AE-4C7F-A773-4E719EFDF037}.DebugLocal|Mixed Platforms.Build.0 = Debug|Any CPU
		{EFBB5F60-82AE-4C7F-A773-4E719EFDF037}.Production|.NET.ActiveCfg = Release|Any CPU
		{EFBB5F60-82AE-4C7F-A773-4E719EFDF037}.Production|.NET.Build.0 = Release|Any CPU
		{EFBB5F60-82AE-4C7F-A773-4E719EFDF037}.Production|Any CPU.ActiveCfg = Release|Any CPU
		{EFBB5F60-82AE-4C7F-A773-4E719EFDF037}.Production|Any CPU.Build.0 = Release|Any CPU
		{EFBB5F60-82AE-4C7F-A773-4E719EFDF037}.Production|Mixed Platforms.ActiveCfg = Release|Any CPU
		{EFBB5F60-82AE-4C7F-A773-4E719EFDF037}.Production|Mixed Platforms.Build.0 = Release|Any CPU
		{EFBB5F60-82AE-4C7F-A773-4E719EFDF037}.Release|.NET.ActiveCfg = Release|Any CPU
		{EFBB5F60-82AE-4C7F-A773-4E719EFDF037}.Release|.NET.Build.0 = Release|Any CPU
		{EFBB5F60-82AE-4C7F-A773-4E719EFDF037}.Release|Any CPU.ActiveCfg = Release|Any CPU
		{EFBB5F60-82AE-4C7F-A773-4E719EFDF037}.Release|Any CPU.Build.0 = Release|Any CPU
		{EFBB5F60-82AE-4C7F-A773-4E719EFDF037}.Release|Mixed Platforms.ActiveCfg = Release|Any CPU
		{EFBB5F60-82AE-4C7F-A773-4E719EFDF037}.Release|Mixed Platforms.Build.0 = Release|Any CPU
		{95ECC0CF-D83C-47F3-9C22-F75BAE40E952}.Debug|.NET.ActiveCfg = Debug|Any CPU
		{95ECC0CF-D83C-47F3-9C22-F75BAE40E952}.Debug|.NET.Build.0 = Debug|Any CPU
		{95ECC0CF-D83C-47F3-9C22-F75BAE40E952}.Debug|Any CPU.ActiveCfg = Debug|Any CPU
		{95ECC0CF-D83C-47F3-9C22-F75BAE40E952}.Debug|Any CPU.Build.0 = Debug|Any CPU
		{95ECC0CF-D83C-47F3-9C22-F75BAE40E952}.Debug|Mixed Platforms.ActiveCfg = Debug|Any CPU
		{95ECC0CF-D83C-47F3-9C22-F75BAE40E952}.Debug|Mixed Platforms.Build.0 = Debug|Any CPU
		{95ECC0CF-D83C-47F3-9C22-F75BAE40E952}.DebugLocal|.NET.ActiveCfg = Debug|Any CPU
		{95ECC0CF-D83C-47F3-9C22-F75BAE40E952}.DebugLocal|.NET.Build.0 = Debug|Any CPU
		{95ECC0CF-D83C-47F3-9C22-F75BAE40E952}.DebugLocal|Any CPU.ActiveCfg = Debug|Any CPU
		{95ECC0CF-D83C-47F3-9C22-F75BAE40E952}.DebugLocal|Any CPU.Build.0 = Debug|Any CPU
		{95ECC0CF-D83C-47F3-9C22-F75BAE40E952}.DebugLocal|Mixed Platforms.ActiveCfg = Debug|Any CPU
		{95ECC0CF-D83C-47F3-9C22-F75BAE40E952}.DebugLocal|Mixed Platforms.Build.0 = Debug|Any CPU
		{95ECC0CF-D83C-47F3-9C22-F75BAE40E952}.Production|.NET.ActiveCfg = Release|Any CPU
		{95ECC0CF-D83C-47F3-9C22-F75BAE40E952}.Production|.NET.Build.0 = Release|Any CPU
		{95ECC0CF-D83C-47F3-9C22-F75BAE40E952}.Production|Any CPU.ActiveCfg = Release|Any CPU
		{95ECC0CF-D83C-47F3-9C22-F75BAE40E952}.Production|Any CPU.Build.0 = Release|Any CPU
		{95ECC0CF-D83C-47F3-9C22-F75BAE40E952}.Production|Mixed Platforms.ActiveCfg = Release|Any CPU
		{95ECC0CF-D83C-47F3-9C22-F75BAE40E952}.Production|Mixed Platforms.Build.0 = Release|Any CPU
		{95ECC0CF-D83C-47F3-9C22-F75BAE40E952}.Release|.NET.ActiveCfg = Release|Any CPU
		{95ECC0CF-D83C-47F3-9C22-F75BAE40E952}.Release|.NET.Build.0 = Release|Any CPU
		{95ECC0CF-D83C-47F3-9C22-F75BAE40E952}.Release|Any CPU.ActiveCfg = Release|Any CPU
		{95ECC0CF-D83C-47F3-9C22-F75BAE40E952}.Release|Any CPU.Build.0 = Release|Any CPU
		{95ECC0CF-D83C-47F3-9C22-F75BAE40E952}.Release|Mixed Platforms.ActiveCfg = Release|Any CPU
		{95ECC0CF-D83C-47F3-9C22-F75BAE40E952}.Release|Mixed Platforms.Build.0 = Release|Any CPU
		{4496BB14-5797-45F9-8798-8779BA859624}.Debug|.NET.ActiveCfg = Debug|Any CPU
		{4496BB14-5797-45F9-8798-8779BA859624}.Debug|.NET.Build.0 = Debug|Any CPU
		{4496BB14-5797-45F9-8798-8779BA859624}.Debug|Any CPU.ActiveCfg = Debug|Any CPU
		{4496BB14-5797-45F9-8798-8779BA859624}.Debug|Any CPU.Build.0 = Debug|Any CPU
		{4496BB14-5797-45F9-8798-8779BA859624}.Debug|Mixed Platforms.ActiveCfg = Debug|Any CPU
		{4496BB14-5797-45F9-8798-8779BA859624}.Debug|Mixed Platforms.Build.0 = Debug|Any CPU
		{4496BB14-5797-45F9-8798-8779BA859624}.DebugLocal|.NET.ActiveCfg = Debug|Any CPU
		{4496BB14-5797-45F9-8798-8779BA859624}.DebugLocal|.NET.Build.0 = Debug|Any CPU
		{4496BB14-5797-45F9-8798-8779BA859624}.DebugLocal|Any CPU.ActiveCfg = Debug|Any CPU
		{4496BB14-5797-45F9-8798-8779BA859624}.DebugLocal|Any CPU.Build.0 = Debug|Any CPU
		{4496BB14-5797-45F9-8798-8779BA859624}.DebugLocal|Mixed Platforms.ActiveCfg = Debug|Any CPU
		{4496BB14-5797-45F9-8798-8779BA859624}.DebugLocal|Mixed Platforms.Build.0 = Debug|Any CPU
		{4496BB14-5797-45F9-8798-8779BA859624}.Production|.NET.ActiveCfg = Release|Any CPU
		{4496BB14-5797-45F9-8798-8779BA859624}.Production|.NET.Build.0 = Release|Any CPU
		{4496BB14-5797-45F9-8798-8779BA859624}.Production|Any CPU.ActiveCfg = Release|Any CPU
		{4496BB14-5797-45F9-8798-8779BA859624}.Production|Any CPU.Build.0 = Release|Any CPU
		{4496BB14-5797-45F9-8798-8779BA859624}.Production|Mixed Platforms.ActiveCfg = Release|Any CPU
		{4496BB14-5797-45F9-8798-8779BA859624}.Production|Mixed Platforms.Build.0 = Release|Any CPU
		{4496BB14-5797-45F9-8798-8779BA859624}.Release|.NET.ActiveCfg = Release|Any CPU
		{4496BB14-5797-45F9-8798-8779BA859624}.Release|.NET.Build.0 = Release|Any CPU
		{4496BB14-5797-45F9-8798-8779BA859624}.Release|Any CPU.ActiveCfg = Release|Any CPU
		{4496BB14-5797-45F9-8798-8779BA859624}.Release|Any CPU.Build.0 = Release|Any CPU
		{4496BB14-5797-45F9-8798-8779BA859624}.Release|Mixed Platforms.ActiveCfg = Release|Any CPU
		{4496BB14-5797-45F9-8798-8779BA859624}.Release|Mixed Platforms.Build.0 = Release|Any CPU
		{AB13EEB6-015A-48E0-A9BA-07F12E675467}.Debug|.NET.ActiveCfg = Debug|Any CPU
		{AB13EEB6-015A-48E0-A9BA-07F12E675467}.Debug|.NET.Build.0 = Debug|Any CPU
		{AB13EEB6-015A-48E0-A9BA-07F12E675467}.Debug|Any CPU.ActiveCfg = Debug|Any CPU
		{AB13EEB6-015A-48E0-A9BA-07F12E675467}.Debug|Any CPU.Build.0 = Debug|Any CPU
		{AB13EEB6-015A-48E0-A9BA-07F12E675467}.Debug|Mixed Platforms.ActiveCfg = Debug|Any CPU
		{AB13EEB6-015A-48E0-A9BA-07F12E675467}.Debug|Mixed Platforms.Build.0 = Debug|Any CPU
		{AB13EEB6-015A-48E0-A9BA-07F12E675467}.DebugLocal|.NET.ActiveCfg = Debug|Any CPU
		{AB13EEB6-015A-48E0-A9BA-07F12E675467}.DebugLocal|.NET.Build.0 = Debug|Any CPU
		{AB13EEB6-015A-48E0-A9BA-07F12E675467}.DebugLocal|Any CPU.ActiveCfg = Debug|Any CPU
		{AB13EEB6-015A-48E0-A9BA-07F12E675467}.DebugLocal|Any CPU.Build.0 = Debug|Any CPU
		{AB13EEB6-015A-48E0-A9BA-07F12E675467}.DebugLocal|Mixed Platforms.ActiveCfg = Debug|Any CPU
		{AB13EEB6-015A-48E0-A9BA-07F12E675467}.DebugLocal|Mixed Platforms.Build.0 = Debug|Any CPU
		{AB13EEB6-015A-48E0-A9BA-07F12E675467}.Production|.NET.ActiveCfg = Release|Any CPU
		{AB13EEB6-015A-48E0-A9BA-07F12E675467}.Production|.NET.Build.0 = Release|Any CPU
		{AB13EEB6-015A-48E0-A9BA-07F12E675467}.Production|Any CPU.ActiveCfg = Release|Any CPU
		{AB13EEB6-015A-48E0-A9BA-07F12E675467}.Production|Any CPU.Build.0 = Release|Any CPU
		{AB13EEB6-015A-48E0-A9BA-07F12E675467}.Production|Mixed Platforms.ActiveCfg = Release|Any CPU
		{AB13EEB6-015A-48E0-A9BA-07F12E675467}.Production|Mixed Platforms.Build.0 = Release|Any CPU
		{AB13EEB6-015A-48E0-A9BA-07F12E675467}.Release|.NET.ActiveCfg = Release|Any CPU
		{AB13EEB6-015A-48E0-A9BA-07F12E675467}.Release|.NET.Build.0 = Release|Any CPU
		{AB13EEB6-015A-48E0-A9BA-07F12E675467}.Release|Any CPU.ActiveCfg = Release|Any CPU
		{AB13EEB6-015A-48E0-A9BA-07F12E675467}.Release|Any CPU.Build.0 = Release|Any CPU
		{AB13EEB6-015A-48E0-A9BA-07F12E675467}.Release|Mixed Platforms.ActiveCfg = Release|Any CPU
		{AB13EEB6-015A-48E0-A9BA-07F12E675467}.Release|Mixed Platforms.Build.0 = Release|Any CPU
	EndGlobalSection
	GlobalSection(SolutionProperties) = preSolution
		HideSolutionNode = FALSE
	EndGlobalSection
	GlobalSection(NestedProjects) = preSolution
		{71C2F369-4A07-46C6-864B-49237CE3F2E0} = {D2810287-BD93-4EEA-87B2-07167F817780}
		{0DFC6CD2-F02F-4BA1-A037-6D4A0A7890B8} = {C85F467B-4B84-4E96-8EC3-D2972D4AB55B}
		{EE192BCC-4665-406D-BA88-76863B4B6853} = {C85F467B-4B84-4E96-8EC3-D2972D4AB55B}
		{1A02033E-F12E-46BB-8AE2-25FE5781260E} = {C85F467B-4B84-4E96-8EC3-D2972D4AB55B}
		{E2D629A1-9848-43D9-BF7E-3A18A31CC7A4} = {C85F467B-4B84-4E96-8EC3-D2972D4AB55B}
		{E4A10F71-A7D2-4F4C-ACF8-53E53D8169D5} = {C85F467B-4B84-4E96-8EC3-D2972D4AB55B}
		{671EB07B-A4FD-4E6D-AE5C-D185BEB526FB} = {C85F467B-4B84-4E96-8EC3-D2972D4AB55B}
		{EFBB5F60-82AE-4C7F-A773-4E719EFDF037} = {C85F467B-4B84-4E96-8EC3-D2972D4AB55B}
		{95ECC0CF-D83C-47F3-9C22-F75BAE40E952} = {D2810287-BD93-4EEA-87B2-07167F817780}
		{4496BB14-5797-45F9-8798-8779BA859624} = {D2810287-BD93-4EEA-87B2-07167F817780}
		{AB13EEB6-015A-48E0-A9BA-07F12E675467} = {D2810287-BD93-4EEA-87B2-07167F817780}
	EndGlobalSection
	GlobalSection(ExtensibilityGlobals) = postSolution
		SolutionGuid = {E866065F-ED34-4CD0-9CE3-C690297517EA}
	EndGlobalSection
EndGlobal
